<?xml version="1.0" encoding="utf-8"?>
<Project ToolsVersion="4.0" xmlns="http://schemas.microsoft.com/developer/msbuild/2003">
  <ItemGroup>
    <Filter Include="Source Files">
      <UniqueIdentifier>{695e1cdd-53ff-4788-95b2-6674f2ff81fc}</UniqueIdentifier>
      <Extensions>cpp;c;cc;cxx;def;odl;idl;hpj;bat;asm;asmx</Extensions>
    </Filter>
    <Filter Include="Header Files">
      <UniqueIdentifier>{27113fca-6880-44c7-8c98-45b0133eb5a5}</UniqueIdentifier>
      <Extensions>h;hpp;hxx;hm;inl;inc;xsd</Extensions>
    </Filter>
    <Filter Include="Formatted IO">
      <UniqueIdentifier>{30b55f23-ef67-47a3-a72a-c308fee7d9dc}</UniqueIdentifier>
    </Filter>
    <Filter Include="Iterator Layer">
      <UniqueIdentifier>{1591bd82-1399-4676-8a79-d66230dfc0a8}</UniqueIdentifier>
    </Filter>
  </ItemGroup>
  <ItemGroup>
    <ClCompile Include="stdafx.cpp">
      <Filter>Source Files</Filter>
    </ClCompile>
    <ClCompile Include="CSVWriter.cpp">
      <Filter>Formatted IO</Filter>
    </ClCompile>
    <ClCompile Include="FormatTime.cpp">
      <Filter>Formatted IO</Filter>
    </ClCompile>
    <ClCompile Include="XMLLogReader.cpp">
      <Filter>Formatted IO</Filter>
    </ClCompile>
    <ClCompile Include="XMLLogWriter.cpp">
      <Filter>Formatted IO</Filter>
    </ClCompile>
    <ClCompile Include="CopyFollowingLogIterator.cpp">
      <Filter>Iterator Layer</Filter>
    </ClCompile>
    <ClCompile Include="LogIteratorBase.cpp">
      <Filter>Iterator Layer</Filter>
    </ClCompile>
    <ClCompile Include="StrictLogIterator.cpp">
      <Filter>Iterator Layer</Filter>
    </ClCompile>
  </ItemGroup>
  <ItemGroup>
    <ClInclude Include="stdafx.h">
      <Filter>Header Files</Filter>
    </ClInclude>
    <ClInclude Include="CSVWriter.h">
      <Filter>Formatted IO</Filter>
    </ClInclude>
    <ClInclude Include="FormatTime.h">
      <Filter>Formatted IO</Filter>
    </ClInclude>
    <ClInclude Include="XMLLogReader.h">
      <Filter>Formatted IO</Filter>
    </ClInclude>
    <ClInclude Include="XMLLogWriter.h">
      <Filter>Formatted IO</Filter>
    </ClInclude>
    <ClInclude Include="CopyFollowingLogIterator.h">
      <Filter>Iterator Layer</Filter>
    </ClInclude>
    <ClInclude Include="ILogIterator.h">
      <Filter>Iterator Layer</Filter>
    </ClInclude>
    <ClInclude Include="LogIteratorBase.h">
      <Filter>Iterator Layer</Filter>
    </ClInclude>
    <ClInclude Include="StrictLogIterator.h">
      <Filter>Iterator Layer</Filter>
    </ClInclude>
  </ItemGroup>
</Project>