Microsoft Visual Studio Solution File, Format Version 12.00
# Visual Studio 15
VisualStudioVersion = 15.0.27428.2002
MinimumVisualStudioVersion = 10.0.40219.1
Project("{8BC9CEB8-8B4A-11D0-8D11-00A0C91BC942}") = "Cache", "Cache\Cache.vcxproj", "{948733DE-FC5A-46C2-8CD6-429017508D63}"
EndProject
Global
	GlobalSection(SolutionConfigurationPlatforms) = preSolution
		Debug|Win32 = Debug|Win32
		Debug|x64 = Debug|x64
		Release|Win32 = Release|Win32
		Release|x64 = Release|x64
	EndGlobalSection
	GlobalSection(ProjectConfigurationPlatforms) = postSolution
		{948733DE-FC5A-46C2-8CD6-429017508D63}.Debug|Win32.ActiveCfg = Debug|Win32
		{948733DE-FC5A-46C2-8CD6-429017508D63}.Debug|Win32.Build.0 = Debug|Win32
		{948733DE-FC5A-46C2-8CD6-429017508D63}.Debug|x64.ActiveCfg = Debug|x64
		{948733DE-FC5A-46C2-8CD6-429017508D63}.Debug|x64.Build.0 = Debug|x64
		{948733DE-FC5A-46C2-8CD6-429017508D63}.Release|Win32.ActiveCfg = Release|Win32
		{948733DE-FC5A-46C2-8CD6-429017508D63}.Release|Win32.Build.0 = Release|Win32
		{948733DE-FC5A-46C2-8CD6-429017508D63}.Release|x64.ActiveCfg = Release|x64
		{948733DE-FC5A-46C2-8CD6-429017508D63}.Release|x64.Build.0 = Release|x64
	EndGlobalSection
	GlobalSection(SolutionProperties) = preSolution
		HideSolutionNode = FALSE
	EndGlobalSection
	GlobalSection(ExtensibilityGlobals) = postSolution
		SolutionGuid = {64BACF0F-90DD-4100-BB27-8A8177DD923E}
	EndGlobalSection
EndGlobal
