<?xml version="1.0" encoding="utf-8"?>
<Project ToolsVersion="4.0" xmlns="http://schemas.microsoft.com/developer/msbuild/2003">
  <ItemGroup>
    <Filter Include="Source Files">
      <UniqueIdentifier>{990a77c4-73c7-4b0a-9506-1b1bae60d66a}</UniqueIdentifier>
      <Extensions>cpp;c;cxx;def;odl;idl;hpj;bat;asm</Extensions>
    </Filter>
    <Filter Include="Header Files">
      <UniqueIdentifier>{173b79ac-d357-46ca-a5b7-6bd4890e7c88}</UniqueIdentifier>
      <Extensions>h;hpp;hxx;hm;inl;inc</Extensions>
    </Filter>
    <Filter Include="Resource Files">
      <UniqueIdentifier>{a0195d36-13b7-4bac-a0c6-5aee9ecef1b1}</UniqueIdentifier>
      <Extensions>rc;ico;cur;bmp;dlg;rc2;rct;bin;rgs;jpg;jpeg;jpe;manifest</Extensions>
    </Filter>
    <Filter Include="WiX">
      <UniqueIdentifier>{f814462b-388f-49c6-92bb-4bcb22a8f7cd}</UniqueIdentifier>
    </Filter>
  </ItemGroup>
  <ItemGroup>
    <ClCompile Include="IconOverlay.cpp">
      <Filter>Source Files</Filter>
    </ClCompile>
    <ClCompile Include="ShellExt.cpp">
      <Filter>Source Files</Filter>
    </ClCompile>
    <ClCompile Include="ShellExtClassFactory.cpp">
      <Filter>Source Files</Filter>
    </ClCompile>
    <ClCompile Include="stdafx.cpp">
      <Filter>Source Files</Filter>
    </ClCompile>
    <ClCompile Include="TortoiseOverlays.cpp">
      <Filter>Source Files</Filter>
    </ClCompile>
  </ItemGroup>
  <ItemGroup>
    <None Include="ShellExt.def">
      <Filter>Source Files</Filter>
    </None>
    <None Include="resource.rc2">
      <Filter>Resource Files</Filter>
    </None>
    <None Include="Includes.wxi">
      <Filter>WiX</Filter>
    </None>
    <None Include="TortoiseOverlaysDir.wxi">
      <Filter>WiX</Filter>
    </None>
    <None Include="TortoiseOverlaysMerge.wxs">
      <Filter>WiX</Filter>
    </None>
    <None Include="TortoiseOverlaysMSI.wxs">
      <Filter>WiX</Filter>
    </None>
  </ItemGroup>
  <ItemGroup>
    <ClInclude Include="Guids.h">
      <Filter>Header Files</Filter>
    </ClInclude>
    <ClInclude Include="resource.h">
      <Filter>Header Files</Filter>
    </ClInclude>
    <ClInclude Include="ShellExt.h">
      <Filter>Header Files</Filter>
    </ClInclude>
    <ClInclude Include="ShellExtClassFactory.h">
      <Filter>Header Files</Filter>
    </ClInclude>
    <ClInclude Include="stdafx.h">
      <Filter>Header Files</Filter>
    </ClInclude>
  </ItemGroup>
  <ItemGroup>
    <ResourceCompile Include="resource.rc">
      <Filter>Resource Files</Filter>
    </ResourceCompile>
  </ItemGroup>
</Project>