<?xml version="1.0" encoding="utf-8"?>
<Project ToolsVersion="4.0" xmlns="http://schemas.microsoft.com/developer/msbuild/2003">
  <ItemGroup>
    <Filter Include="Source Files">
      <UniqueIdentifier>{4FC737F1-C7A5-4376-A066-2A32D752A2FF}</UniqueIdentifier>
      <Extensions>cpp;c;cc;cxx;def;odl;idl;hpj;bat;asm;asmx</Extensions>
    </Filter>
    <Filter Include="Header Files">
      <UniqueIdentifier>{93995380-89BD-4b04-88EB-625FBE52EBFB}</UniqueIdentifier>
      <Extensions>h;hpp;hxx;hm;inl;inc;xsd</Extensions>
    </Filter>
    <Filter Include="Storage Layer">
      <UniqueIdentifier>{62a1bb18-0f21-4418-953a-47c5a74720e4}</UniqueIdentifier>
    </Filter>
    <Filter Include="Query Layer">
      <UniqueIdentifier>{3184b083-c8f7-4dd3-aa7a-2a6630912091}</UniqueIdentifier>
    </Filter>
  </ItemGroup>
  <ItemGroup>
    <ClCompile Include="LogCacheSettings.cpp">
      <Filter>Source Files</Filter>
    </ClCompile>
    <ClCompile Include="stdafx.cpp">
      <Filter>Source Files</Filter>
    </ClCompile>
    <ClCompile Include="LogCachePool.cpp">
      <Filter>Storage Layer</Filter>
    </ClCompile>
    <ClCompile Include="LogCacheStatistics.cpp">
      <Filter>Storage Layer</Filter>
    </ClCompile>
    <ClCompile Include="RepositoryInfo.cpp">
      <Filter>Storage Layer</Filter>
    </ClCompile>
    <ClCompile Include="CacheLogQuery.cpp">
      <Filter>Query Layer</Filter>
    </ClCompile>
    <ClCompile Include="ILogReceiver.cpp">
      <Filter>Query Layer</Filter>
    </ClCompile>
    <ClCompile Include="PathToStringMap.cpp">
      <Filter>Query Layer</Filter>
    </ClCompile>
    <ClCompile Include="SVNLogQuery.cpp">
      <Filter>Query Layer</Filter>
    </ClCompile>
  </ItemGroup>
  <ItemGroup>
    <ClInclude Include="LogCacheSettings.h">
      <Filter>Header Files</Filter>
    </ClInclude>
    <ClInclude Include="stdafx.h">
      <Filter>Header Files</Filter>
    </ClInclude>
    <ClInclude Include="ConnectionState.h">
      <Filter>Storage Layer</Filter>
    </ClInclude>
    <ClInclude Include="LogCachePool.h">
      <Filter>Storage Layer</Filter>
    </ClInclude>
    <ClInclude Include="LogCacheStatistics.h">
      <Filter>Storage Layer</Filter>
    </ClInclude>
    <ClInclude Include="RepositoryInfo.h">
      <Filter>Storage Layer</Filter>
    </ClInclude>
    <ClInclude Include="CacheLogQuery.h">
      <Filter>Query Layer</Filter>
    </ClInclude>
    <ClInclude Include="ILogQuery.h">
      <Filter>Query Layer</Filter>
    </ClInclude>
    <ClInclude Include="ILogReceiver.h">
      <Filter>Query Layer</Filter>
    </ClInclude>
    <ClInclude Include="PathToStringMap.h">
      <Filter>Query Layer</Filter>
    </ClInclude>
    <ClInclude Include="SVNLogQuery.h">
      <Filter>Query Layer</Filter>
    </ClInclude>
  </ItemGroup>
</Project>