Microsoft Visual Studio Solution File, Format Version 10.00
# Visual Studio 2008
Project("{8BC9CEB8-8B4A-11D0-8D11-00A0C91BC942}") = "LogCache", "LogCache.vcproj", "{6DD7C7B4-392B-4E93-9565-464EC27CA9BF}"
	ProjectSection(ProjectDependencies) = postProject
		{F0D5506C-BB6B-43A7-A4EF-D4826F398185} = {F0D5506C-BB6B-43A7-A4EF-D4826F398185}
		{4034F594-DF25-4B3E-92F8-2795C263B483} = {4034F594-DF25-4B3E-92F8-2795C263B483}
		{BD0854A3-E300-4E57-8C17-E4771AE1CA01} = {BD0854A3-E300-4E57-8C17-E4771AE1CA01}
		{DD9856A3-E398-4367-C817-E4771AE1DECA} = {DD9856A3-E398-4367-C817-E4771AE1DECA}
	EndProjectSection
EndProject
Project("{8BC9CEB8-8B4A-11D0-8D11-00A0C91BC942}") = "LogCacheLib", "LogCacheLib.vcproj", "{BD0854A3-E300-4E57-8C17-E4771AE1CA01}"
EndProject
Project("{8BC9CEB8-8B4A-11D0-8D11-00A0C91BC942}") = "LogCacheStreamsLib", "Streams\LogCacheStreamsLib.vcproj", "{F0D5506C-BB6B-43A7-A4EF-D4826F398185}"
EndProject
Project("{8BC9CEB8-8B4A-11D0-8D11-00A0C91BC942}") = "LogCacheAccessLib", "Access\LogCacheAccessLib.vcproj", "{DD9856A3-E398-4367-C817-E4771AE1DECA}"
EndProject
Project("{8BC9CEB8-8B4A-11D0-8D11-00A0C91BC942}") = "LogCacheContainersLib", "Containers\LogCacheContainers.vcproj", "{4034F594-DF25-4B3E-92F8-2795C263B483}"
EndProject
Global
	GlobalSection(SolutionConfigurationPlatforms) = preSolution
		Debug|Win32 = Debug|Win32
		Debug|x64 = Debug|x64
		Release|Win32 = Release|Win32
		Release|x64 = Release|x64
	EndGlobalSection
	GlobalSection(ProjectConfigurationPlatforms) = postSolution
		{6DD7C7B4-392B-4E93-9565-464EC27CA9BF}.Debug|Win32.ActiveCfg = Debug|Win32
		{6DD7C7B4-392B-4E93-9565-464EC27CA9BF}.Debug|Win32.Build.0 = Debug|Win32
		{6DD7C7B4-392B-4E93-9565-464EC27CA9BF}.Debug|x64.ActiveCfg = Debug|x64
		{6DD7C7B4-392B-4E93-9565-464EC27CA9BF}.Debug|x64.Build.0 = Debug|x64
		{6DD7C7B4-392B-4E93-9565-464EC27CA9BF}.Release|Win32.ActiveCfg = Release|Win32
		{6DD7C7B4-392B-4E93-9565-464EC27CA9BF}.Release|Win32.Build.0 = Release|Win32
		{6DD7C7B4-392B-4E93-9565-464EC27CA9BF}.Release|x64.ActiveCfg = Release|x64
		{6DD7C7B4-392B-4E93-9565-464EC27CA9BF}.Release|x64.Build.0 = Release|x64
		{BD0854A3-E300-4E57-8C17-E4771AE1CA01}.Debug|Win32.ActiveCfg = Debug|Win32
		{BD0854A3-E300-4E57-8C17-E4771AE1CA01}.Debug|Win32.Build.0 = Debug|Win32
		{BD0854A3-E300-4E57-8C17-E4771AE1CA01}.Debug|x64.ActiveCfg = Debug|x64
		{BD0854A3-E300-4E57-8C17-E4771AE1CA01}.Debug|x64.Build.0 = Debug|x64
		{BD0854A3-E300-4E57-8C17-E4771AE1CA01}.Release|Win32.ActiveCfg = Release|Win32
		{BD0854A3-E300-4E57-8C17-E4771AE1CA01}.Release|Win32.Build.0 = Release|Win32
		{BD0854A3-E300-4E57-8C17-E4771AE1CA01}.Release|x64.ActiveCfg = Release|x64
		{BD0854A3-E300-4E57-8C17-E4771AE1CA01}.Release|x64.Build.0 = Release|x64
		{F0D5506C-BB6B-43A7-A4EF-D4826F398185}.Debug|Win32.ActiveCfg = Debug|Win32
		{F0D5506C-BB6B-43A7-A4EF-D4826F398185}.Debug|Win32.Build.0 = Debug|Win32
		{F0D5506C-BB6B-43A7-A4EF-D4826F398185}.Debug|x64.ActiveCfg = Debug|x64
		{F0D5506C-BB6B-43A7-A4EF-D4826F398185}.Debug|x64.Build.0 = Debug|x64
		{F0D5506C-BB6B-43A7-A4EF-D4826F398185}.Release|Win32.ActiveCfg = Release|Win32
		{F0D5506C-BB6B-43A7-A4EF-D4826F398185}.Release|Win32.Build.0 = Release|Win32
		{F0D5506C-BB6B-43A7-A4EF-D4826F398185}.Release|x64.ActiveCfg = Release|x64
		{F0D5506C-BB6B-43A7-A4EF-D4826F398185}.Release|x64.Build.0 = Release|x64
		{DD9856A3-E398-4367-C817-E4771AE1DECA}.Debug|Win32.ActiveCfg = Debug|Win32
		{DD9856A3-E398-4367-C817-E4771AE1DECA}.Debug|Win32.Build.0 = Debug|Win32
		{DD9856A3-E398-4367-C817-E4771AE1DECA}.Debug|x64.ActiveCfg = Debug|x64
		{DD9856A3-E398-4367-C817-E4771AE1DECA}.Debug|x64.Build.0 = Debug|x64
		{DD9856A3-E398-4367-C817-E4771AE1DECA}.Release|Win32.ActiveCfg = Release|Win32
		{DD9856A3-E398-4367-C817-E4771AE1DECA}.Release|Win32.Build.0 = Release|Win32
		{DD9856A3-E398-4367-C817-E4771AE1DECA}.Release|x64.ActiveCfg = Release|x64
		{DD9856A3-E398-4367-C817-E4771AE1DECA}.Release|x64.Build.0 = Release|x64
		{4034F594-DF25-4B3E-92F8-2795C263B483}.Debug|Win32.ActiveCfg = Debug|Win32
		{4034F594-DF25-4B3E-92F8-2795C263B483}.Debug|Win32.Build.0 = Debug|Win32
		{4034F594-DF25-4B3E-92F8-2795C263B483}.Debug|x64.ActiveCfg = Debug|x64
		{4034F594-DF25-4B3E-92F8-2795C263B483}.Debug|x64.Build.0 = Debug|x64
		{4034F594-DF25-4B3E-92F8-2795C263B483}.Release|Win32.ActiveCfg = Release|Win32
		{4034F594-DF25-4B3E-92F8-2795C263B483}.Release|Win32.Build.0 = Release|Win32
		{4034F594-DF25-4B3E-92F8-2795C263B483}.Release|x64.ActiveCfg = Release|x64
		{4034F594-DF25-4B3E-92F8-2795C263B483}.Release|x64.Build.0 = Release|x64
	EndGlobalSection
	GlobalSection(SolutionProperties) = preSolution
		HideSolutionNode = FALSE
	EndGlobalSection
EndGlobal
