<?xml version="1.0" encoding="utf-8"?>
<Project ToolsVersion="4.0" xmlns="http://schemas.microsoft.com/developer/msbuild/2003">
  <ItemGroup>
    <Filter Include="Source Files">
      <UniqueIdentifier>{1f57ea4b-9e3c-4a34-b243-95ed3e468b6d}</UniqueIdentifier>
      <Extensions>cpp;c;cxx;rc;def;r;odl;idl;hpj;bat</Extensions>
    </Filter>
    <Filter Include="Header Files">
      <UniqueIdentifier>{d1bf42f4-7160-4696-84ca-6f1511b821c9}</UniqueIdentifier>
      <Extensions>h;hpp;hxx;hm;inl</Extensions>
    </Filter>
    <Filter Include="Resource Files">
      <UniqueIdentifier>{6b9a0ecc-33ab-4440-8235-4509faaaf952}</UniqueIdentifier>
      <Extensions>ico;cur;bmp;dlg;rc2;rct;bin;rgs;gif;jpg;jpeg;jpe</Extensions>
    </Filter>
    <Filter Include="zlib">
      <UniqueIdentifier>{abf3f6a9-e8da-4e34-94b9-fc279f3f854d}</UniqueIdentifier>
    </Filter>
  </ItemGroup>
  <ItemGroup>
    <ClCompile Include="BaseDialog.cpp">
      <Filter>Source Files</Filter>
    </ClCompile>
    <ClCompile Include="CrashHandler.cpp">
      <Filter>Source Files</Filter>
    </ClCompile>
    <ClCompile Include="CrashRpt.cpp">
      <Filter>Source Files</Filter>
    </ClCompile>
    <ClCompile Include="excprpt.cpp">
      <Filter>Source Files</Filter>
    </ClCompile>
    <ClCompile Include="MailMsg.cpp">
      <Filter>Source Files</Filter>
    </ClCompile>
    <ClCompile Include="MainDlg.cpp">
      <Filter>Source Files</Filter>
    </ClCompile>
    <ClCompile Include="StackTrace.cpp">
      <Filter>Source Files</Filter>
    </ClCompile>
    <ClCompile Include="StdAfx.cpp">
      <Filter>Source Files</Filter>
    </ClCompile>
    <ClCompile Include="Utility.cpp">
      <Filter>Source Files</Filter>
    </ClCompile>
    <ClCompile Include="WriteRegistry.cpp">
      <Filter>Source Files</Filter>
    </ClCompile>
    <ClCompile Include="zlib\adler32.c">
      <Filter>zlib</Filter>
    </ClCompile>
    <ClCompile Include="zlib\compress.c">
      <Filter>zlib</Filter>
    </ClCompile>
    <ClCompile Include="zlib\crc32.c">
      <Filter>zlib</Filter>
    </ClCompile>
    <ClCompile Include="zlib\deflate.c">
      <Filter>zlib</Filter>
    </ClCompile>
    <ClCompile Include="zlib\gzio.c">
      <Filter>zlib</Filter>
    </ClCompile>
    <ClCompile Include="zlib\infblock.c">
      <Filter>zlib</Filter>
    </ClCompile>
    <ClCompile Include="zlib\infcodes.c">
      <Filter>zlib</Filter>
    </ClCompile>
    <ClCompile Include="zlib\inffast.c">
      <Filter>zlib</Filter>
    </ClCompile>
    <ClCompile Include="zlib\inflate.c">
      <Filter>zlib</Filter>
    </ClCompile>
    <ClCompile Include="zlib\inftrees.c">
      <Filter>zlib</Filter>
    </ClCompile>
    <ClCompile Include="zlib\infutil.c">
      <Filter>zlib</Filter>
    </ClCompile>
    <ClCompile Include="zlib\maketree.c">
      <Filter>zlib</Filter>
    </ClCompile>
    <ClCompile Include="zlib\trees.c">
      <Filter>zlib</Filter>
    </ClCompile>
    <ClCompile Include="zlib\uncompr.c">
      <Filter>zlib</Filter>
    </ClCompile>
    <ClCompile Include="zlib\unzip.c">
      <Filter>zlib</Filter>
    </ClCompile>
    <ClCompile Include="zlib\zip.c">
      <Filter>zlib</Filter>
    </ClCompile>
    <ClCompile Include="zlib\zlibcpp.cpp">
      <Filter>zlib</Filter>
    </ClCompile>
    <ClCompile Include="zlib\zutil.c">
      <Filter>zlib</Filter>
    </ClCompile>
    <ClCompile Include="APIHook.cpp">
      <Filter>Source Files</Filter>
    </ClCompile>
  </ItemGroup>
  <ItemGroup>
    <ResourceCompile Include="CrashRpt.rc">
      <Filter>Source Files</Filter>
    </ResourceCompile>
  </ItemGroup>
  <ItemGroup>
    <ClInclude Include="BaseDialog.h">
      <Filter>Header Files</Filter>
    </ClInclude>
    <ClInclude Include="CrashHandler.h">
      <Filter>Header Files</Filter>
    </ClInclude>
    <ClInclude Include="CrashReport.h">
      <Filter>Header Files</Filter>
    </ClInclude>
    <ClInclude Include="CrashRpt.h">
      <Filter>Header Files</Filter>
    </ClInclude>
    <ClInclude Include="excprpt.h">
      <Filter>Header Files</Filter>
    </ClInclude>
    <ClInclude Include="MailMsg.h">
      <Filter>Header Files</Filter>
    </ClInclude>
    <ClInclude Include="maindlg.h">
      <Filter>Header Files</Filter>
    </ClInclude>
    <ClInclude Include="resource.h">
      <Filter>Header Files</Filter>
    </ClInclude>
    <ClInclude Include="StackTrace.h">
      <Filter>Header Files</Filter>
    </ClInclude>
    <ClInclude Include="StdAfx.h">
      <Filter>Header Files</Filter>
    </ClInclude>
    <ClInclude Include="SymbolEngine.h">
      <Filter>Header Files</Filter>
    </ClInclude>
    <ClInclude Include="Utility.h">
      <Filter>Header Files</Filter>
    </ClInclude>
    <ClInclude Include="WriteRegistry.h">
      <Filter>Header Files</Filter>
    </ClInclude>
    <ClInclude Include="zlib\deflate.h">
      <Filter>zlib</Filter>
    </ClInclude>
    <ClInclude Include="zlib\infblock.h">
      <Filter>zlib</Filter>
    </ClInclude>
    <ClInclude Include="zlib\infcodes.h">
      <Filter>zlib</Filter>
    </ClInclude>
    <ClInclude Include="zlib\inffast.h">
      <Filter>zlib</Filter>
    </ClInclude>
    <ClInclude Include="zlib\inffixed.h">
      <Filter>zlib</Filter>
    </ClInclude>
    <ClInclude Include="zlib\inftrees.h">
      <Filter>zlib</Filter>
    </ClInclude>
    <ClInclude Include="zlib\infutil.h">
      <Filter>zlib</Filter>
    </ClInclude>
    <ClInclude Include="zlib\trees.h">
      <Filter>zlib</Filter>
    </ClInclude>
    <ClInclude Include="zlib\unzip.h">
      <Filter>zlib</Filter>
    </ClInclude>
    <ClInclude Include="zlib\zconf.h">
      <Filter>zlib</Filter>
    </ClInclude>
    <ClInclude Include="zlib\zip.h">
      <Filter>zlib</Filter>
    </ClInclude>
    <ClInclude Include="zlib\zlib.h">
      <Filter>zlib</Filter>
    </ClInclude>
    <ClInclude Include="zlib\zlibcpp.h">
      <Filter>zlib</Filter>
    </ClInclude>
    <ClInclude Include="zlib\zutil.h">
      <Filter>zlib</Filter>
    </ClInclude>
    <ClInclude Include="CmnHdr.h">
      <Filter>Header Files</Filter>
    </ClInclude>
    <ClInclude Include="Toolhelp.h">
      <Filter>Header Files</Filter>
    </ClInclude>
    <ClInclude Include="APIHook.h">
      <Filter>Header Files</Filter>
    </ClInclude>
  </ItemGroup>
  <ItemGroup>
    <None Include="res\CrashRpt.ico">
      <Filter>Resource Files</Filter>
    </None>
    <None Include="zlib\readme.txt">
      <Filter>zlib</Filter>
    </None>
    <None Include="chglog.txt" />
  </ItemGroup>
</Project>