<?xml version="1.0" encoding="utf-8"?>
<Project ToolsVersion="4.0" xmlns="http://schemas.microsoft.com/developer/msbuild/2003">
  <ItemGroup>
    <Filter Include="Source Files">
      <UniqueIdentifier>{4FC737F1-C7A5-4376-A066-2A32D752A2FF}</UniqueIdentifier>
      <Extensions>cpp;c;cc;cxx;def;odl;idl;hpj;bat;asm;asmx</Extensions>
    </Filter>
    <Filter Include="Header Files">
      <UniqueIdentifier>{93995380-89BD-4b04-88EB-625FBE52EBFB}</UniqueIdentifier>
      <Extensions>h;hpp;hxx;hm;inl;inc;xsd</Extensions>
    </Filter>
    <Filter Include="File IO">
      <UniqueIdentifier>{baa48412-a7ff-4ce3-a641-70e634f26e6a}</UniqueIdentifier>
    </Filter>
    <Filter Include="Streams">
      <UniqueIdentifier>{843e8f22-9511-4a6a-b706-f30e77184fe8}</UniqueIdentifier>
    </Filter>
  </ItemGroup>
  <ItemGroup>
    <ClCompile Include="stdafx.cpp">
      <Filter>Source Files</Filter>
    </ClCompile>
    <ClCompile Include="StreamException.cpp">
      <Filter>Source Files</Filter>
    </ClCompile>
    <ClCompile Include="BufferedOutFile.cpp">
      <Filter>File IO</Filter>
    </ClCompile>
    <ClCompile Include="CacheFileInBuffer.cpp">
      <Filter>File IO</Filter>
    </ClCompile>
    <ClCompile Include="CacheFileOutBuffer.cpp">
      <Filter>File IO</Filter>
    </ClCompile>
    <ClCompile Include="MappedInFile.cpp">
      <Filter>File IO</Filter>
    </ClCompile>
    <ClCompile Include="BinaryInStream.cpp">
      <Filter>Streams</Filter>
    </ClCompile>
    <ClCompile Include="BinaryOutStream.cpp">
      <Filter>Streams</Filter>
    </ClCompile>
    <ClCompile Include="BLOBInStream.cpp">
      <Filter>Streams</Filter>
    </ClCompile>
    <ClCompile Include="BLOBOutStream.cpp">
      <Filter>Streams</Filter>
    </ClCompile>
    <ClCompile Include="CompositeInStream.cpp">
      <Filter>Streams</Filter>
    </ClCompile>
    <ClCompile Include="CompositeOutStream.cpp">
      <Filter>Streams</Filter>
    </ClCompile>
    <ClCompile Include="DiffIntegerInStream.cpp">
      <Filter>Streams</Filter>
    </ClCompile>
    <ClCompile Include="DiffIntegerOutStream.cpp">
      <Filter>Streams</Filter>
    </ClCompile>
    <ClCompile Include="HierachicalInStreamBase.cpp">
      <Filter>Streams</Filter>
    </ClCompile>
    <ClCompile Include="HierachicalOutStreamBase.cpp">
      <Filter>Streams</Filter>
    </ClCompile>
    <ClCompile Include="HuffmanBase.cpp">
      <Filter>Streams</Filter>
    </ClCompile>
    <ClCompile Include="HuffmanDecoder.cpp">
      <Filter>Streams</Filter>
    </ClCompile>
    <ClCompile Include="HuffmanEncoder.cpp">
      <Filter>Streams</Filter>
    </ClCompile>
    <ClCompile Include="PackedDWORDInStream.cpp">
      <Filter>Streams</Filter>
    </ClCompile>
    <ClCompile Include="PackedDWORDOutStream.cpp">
      <Filter>Streams</Filter>
    </ClCompile>
    <ClCompile Include="PackedIntegerInStream.cpp">
      <Filter>Streams</Filter>
    </ClCompile>
    <ClCompile Include="PackedIntegerOutStream.cpp">
      <Filter>Streams</Filter>
    </ClCompile>
    <ClCompile Include="PackedTime64InStream.cpp">
      <Filter>Streams</Filter>
    </ClCompile>
    <ClCompile Include="PackedTime64OutStream.cpp">
      <Filter>Streams</Filter>
    </ClCompile>
    <ClCompile Include="RootInStream.cpp">
      <Filter>Streams</Filter>
    </ClCompile>
    <ClCompile Include="RootOutStream.cpp">
      <Filter>Streams</Filter>
    </ClCompile>
  </ItemGroup>
  <ItemGroup>
    <ClInclude Include="FileName.h">
      <Filter>Header Files</Filter>
    </ClInclude>
    <ClInclude Include="stdafx.h">
      <Filter>Header Files</Filter>
    </ClInclude>
    <ClInclude Include="StreamException.h">
      <Filter>Header Files</Filter>
    </ClInclude>
    <ClInclude Include="BufferedOutFile.h">
      <Filter>File IO</Filter>
    </ClInclude>
    <ClInclude Include="CacheFileInBuffer.h">
      <Filter>File IO</Filter>
    </ClInclude>
    <ClInclude Include="CacheFileOutBuffer.h">
      <Filter>File IO</Filter>
    </ClInclude>
    <ClInclude Include="MappedInFile.h">
      <Filter>File IO</Filter>
    </ClInclude>
    <ClInclude Include="BinaryInStream.h">
      <Filter>Streams</Filter>
    </ClInclude>
    <ClInclude Include="BinaryOutStream.h">
      <Filter>Streams</Filter>
    </ClInclude>
    <ClInclude Include="BLOBInStream.h">
      <Filter>Streams</Filter>
    </ClInclude>
    <ClInclude Include="BLOBOutStream.h">
      <Filter>Streams</Filter>
    </ClInclude>
    <ClInclude Include="CompositeInStream.h">
      <Filter>Streams</Filter>
    </ClInclude>
    <ClInclude Include="CompositeOutStream.h">
      <Filter>Streams</Filter>
    </ClInclude>
    <ClInclude Include="DiffIntegerInStream.h">
      <Filter>Streams</Filter>
    </ClInclude>
    <ClInclude Include="DiffIntegerOutStream.h">
      <Filter>Streams</Filter>
    </ClInclude>
    <ClInclude Include="HierachicalInStreamBase.h">
      <Filter>Streams</Filter>
    </ClInclude>
    <ClInclude Include="HierachicalOutStreamBase.h">
      <Filter>Streams</Filter>
    </ClInclude>
    <ClInclude Include="HuffmanBase.h">
      <Filter>Streams</Filter>
    </ClInclude>
    <ClInclude Include="HuffmanDecoder.h">
      <Filter>Streams</Filter>
    </ClInclude>
    <ClInclude Include="HuffmanEncoder.h">
      <Filter>Streams</Filter>
    </ClInclude>
    <ClInclude Include="PackedDWORDInStream.h">
      <Filter>Streams</Filter>
    </ClInclude>
    <ClInclude Include="PackedDWORDOutStream.h">
      <Filter>Streams</Filter>
    </ClInclude>
    <ClInclude Include="PackedIntegerInStream.h">
      <Filter>Streams</Filter>
    </ClInclude>
    <ClInclude Include="PackedIntegerOutStream.h">
      <Filter>Streams</Filter>
    </ClInclude>
    <ClInclude Include="PackedTime64InStream.h">
      <Filter>Streams</Filter>
    </ClInclude>
    <ClInclude Include="PackedTime64OutStream.h">
      <Filter>Streams</Filter>
    </ClInclude>
    <ClInclude Include="RootInStream.h">
      <Filter>Streams</Filter>
    </ClInclude>
    <ClInclude Include="RootOutStream.h">
      <Filter>Streams</Filter>
    </ClInclude>
    <ClInclude Include="StreamFactory.h">
      <Filter>Streams</Filter>
    </ClInclude>
    <ClInclude Include="StreamTypeIDs.h">
      <Filter>Streams</Filter>
    </ClInclude>
  </ItemGroup>
</Project>