<?xml version="1.0" encoding="utf-8"?>
<Project ToolsVersion="4.0" xmlns="http://schemas.microsoft.com/developer/msbuild/2003">
  <ItemGroup>
    <Filter Include="Utils">
      <UniqueIdentifier>{b43d1226-6040-4e76-809e-f347f912e5e6}</UniqueIdentifier>
      <Extensions>cpp;c;cxx;def;odl;idl;hpj;bat;asm;h;hpp;hxx;hm;inl;inc</Extensions>
    </Filter>
    <Filter Include="Utils\General">
      <UniqueIdentifier>{258c5a47-8dea-488e-94bb-81c5fb1ddffb}</UniqueIdentifier>
    </Filter>
    <Filter Include="Utils\UI">
      <UniqueIdentifier>{5a339170-8f29-4df5-8faf-511bd46bc33a}</UniqueIdentifier>
    </Filter>
    <Filter Include="Utils\3rd Party">
      <UniqueIdentifier>{66d0cf64-f3b7-447b-bde0-2db6edbd3f89}</UniqueIdentifier>
    </Filter>
    <Filter Include="Utils\3rd Party\hunspell">
      <UniqueIdentifier>{d5e5e600-98a1-4683-bafb-8f319142cf73}</UniqueIdentifier>
    </Filter>
    <Filter Include="Utils\3rd Party\TreePropSheet">
      <UniqueIdentifier>{bdc9f63d-0b4d-424e-afb3-de546cfa3ad6}</UniqueIdentifier>
    </Filter>
    <Filter Include="Subversion">
      <UniqueIdentifier>{37f2c83f-3536-43d7-a0b5-7b293d3dcdf3}</UniqueIdentifier>
    </Filter>
    <Filter Include="Resource Files">
      <UniqueIdentifier>{df0e270d-7498-4fbd-9027-493f90f9f5ad}</UniqueIdentifier>
      <Extensions>rc;ico;cur;bmp;dlg;rc2;rct;bin;rgs;jpg;jpeg;jpe;manifest</Extensions>
    </Filter>
    <Filter Include="Commands">
      <UniqueIdentifier>{86ccea12-11fe-4fca-8e96-53604aa35271}</UniqueIdentifier>
    </Filter>
    <Filter Include="Commands\Commit">
      <UniqueIdentifier>{62a1c666-1e78-4719-bdd9-8fb1cf27013b}</UniqueIdentifier>
    </Filter>
    <Filter Include="Commands\About">
      <UniqueIdentifier>{543be2e3-b5be-4fe4-84ed-48c9c75574c0}</UniqueIdentifier>
    </Filter>
    <Filter Include="Commands\Misc">
      <UniqueIdentifier>{7f1aa5be-56f9-4060-9783-d8475d41bb42}</UniqueIdentifier>
    </Filter>
    <Filter Include="Commands\Log">
      <UniqueIdentifier>{3797f9ad-9035-4287-ad83-63d3cd8d8858}</UniqueIdentifier>
    </Filter>
    <Filter Include="Commands\Checkout">
      <UniqueIdentifier>{c6d1ca9d-4e1c-4f99-910d-646f6408e197}</UniqueIdentifier>
    </Filter>
    <Filter Include="Commands\Export">
      <UniqueIdentifier>{78770a56-dfff-4c2a-b407-80aaed764f5a}</UniqueIdentifier>
    </Filter>
    <Filter Include="Commands\Copy">
      <UniqueIdentifier>{41787584-b782-4763-a9fc-1752d5c869dc}</UniqueIdentifier>
    </Filter>
    <Filter Include="Commands\Import">
      <UniqueIdentifier>{73c96904-bddf-4580-913f-c4865cdebc77}</UniqueIdentifier>
    </Filter>
    <Filter Include="Commands\Update">
      <UniqueIdentifier>{c212a207-7b3c-44e3-8b45-f821adaeb93f}</UniqueIdentifier>
    </Filter>
    <Filter Include="Commands\Add">
      <UniqueIdentifier>{9448d8df-c589-465c-bcc5-dce9aa20f701}</UniqueIdentifier>
    </Filter>
    <Filter Include="Commands\Revert">
      <UniqueIdentifier>{d2248aa9-4128-43cd-a15a-fad88066bc29}</UniqueIdentifier>
    </Filter>
    <Filter Include="Commands\Cleanup">
      <UniqueIdentifier>{c8a73ef1-ba2a-46db-adbd-acb7d12bbd1b}</UniqueIdentifier>
    </Filter>
    <Filter Include="Commands\Resolve">
      <UniqueIdentifier>{ddcab75f-160a-4549-b63e-3b6467853743}</UniqueIdentifier>
    </Filter>
    <Filter Include="Commands\Switch">
      <UniqueIdentifier>{3a0635d4-121f-49e5-9477-1dae187d9c7f}</UniqueIdentifier>
    </Filter>
    <Filter Include="Commands\Merge">
      <UniqueIdentifier>{261d559b-bbde-4712-a4b4-f87753ffe889}</UniqueIdentifier>
    </Filter>
    <Filter Include="Commands\Settings">
      <UniqueIdentifier>{530dabc0-0f00-4073-90f0-d9de1111ebcf}</UniqueIdentifier>
    </Filter>
    <Filter Include="Commands\Settings\Settings Dialog">
      <UniqueIdentifier>{a88c554c-c952-436d-a915-2db60b8d81f6}</UniqueIdentifier>
    </Filter>
    <Filter Include="Commands\Remove">
      <UniqueIdentifier>{b4e187cb-38fc-46c7-ac86-4c2d4f69272f}</UniqueIdentifier>
    </Filter>
    <Filter Include="Commands\Rename">
      <UniqueIdentifier>{4572bd59-8a94-4a04-a135-7634abe0ed4e}</UniqueIdentifier>
    </Filter>
    <Filter Include="Commands\Diff">
      <UniqueIdentifier>{dc8c2119-0b03-40be-b05e-c06f340e338f}</UniqueIdentifier>
    </Filter>
    <Filter Include="Commands\Drop">
      <UniqueIdentifier>{b228841a-092a-49b6-95f3-6ff7c291dc17}</UniqueIdentifier>
    </Filter>
    <Filter Include="Commands\Relocate">
      <UniqueIdentifier>{e21f8bdc-3670-4b74-8e24-fb9f91bb5e0d}</UniqueIdentifier>
    </Filter>
    <Filter Include="Commands\RepoStatus">
      <UniqueIdentifier>{316c405a-a41e-4017-b102-3d156f18b1f2}</UniqueIdentifier>
    </Filter>
    <Filter Include="Commands\RepoBrowser">
      <UniqueIdentifier>{3c9cc585-84a1-47dd-a4e7-3d348ebacf3c}</UniqueIdentifier>
    </Filter>
    <Filter Include="Commands\RepoBrowser\Repository Browser">
      <UniqueIdentifier>{6151b010-75d0-46c9-8332-d35e42facf34}</UniqueIdentifier>
    </Filter>
    <Filter Include="Commands\%28Un%29Ignore">
      <UniqueIdentifier>{c9afc6e1-b28c-488c-ae15-afb99f684824}</UniqueIdentifier>
    </Filter>
    <Filter Include="Commands\Blame">
      <UniqueIdentifier>{4d6a3adc-2320-4875-bb81-ce2217843411}</UniqueIdentifier>
    </Filter>
    <Filter Include="Commands\CreatePatch">
      <UniqueIdentifier>{7f48d875-22c8-4aec-b75e-a099e5183057}</UniqueIdentifier>
    </Filter>
    <Filter Include="Commands\UpdateCheck">
      <UniqueIdentifier>{a7f0462d-9c6d-45d5-8dde-cee2b442fd1f}</UniqueIdentifier>
    </Filter>
    <Filter Include="Commands\RevisionGraph">
      <UniqueIdentifier>{af2c005b-ffdf-480e-9034-971704c4e319}</UniqueIdentifier>
    </Filter>
    <Filter Include="Commands\RevisionGraph\Layout">
      <UniqueIdentifier>{8417e698-4620-4f54-9c57-bf40567401ab}</UniqueIdentifier>
    </Filter>
    <Filter Include="Commands\RevisionGraph\FullGraph">
      <UniqueIdentifier>{60ff4d51-a64c-4c33-8691-b802f4d6a8db}</UniqueIdentifier>
    </Filter>
    <Filter Include="Commands\RevisionGraph\VisibleGraph">
      <UniqueIdentifier>{b8d288f4-0271-43c8-bdf4-4c4e6c251e8c}</UniqueIdentifier>
    </Filter>
    <Filter Include="Commands\RevisionGraph\UI">
      <UniqueIdentifier>{455cee59-6339-4950-9105-f5a3d3c64d03}</UniqueIdentifier>
    </Filter>
    <Filter Include="Commands\RevisionGraph\Options">
      <UniqueIdentifier>{3f928579-4cb2-461c-a43a-35696637920c}</UniqueIdentifier>
    </Filter>
    <Filter Include="Commands\RevisionGraph\Options\Layout">
      <UniqueIdentifier>{5e7cf117-4829-46b5-ab0f-3c64dd1fe1e6}</UniqueIdentifier>
    </Filter>
    <Filter Include="Commands\RevisionGraph\Options\Copy">
      <UniqueIdentifier>{f689567f-7d60-473a-a812-1e7597ae4671}</UniqueIdentifier>
    </Filter>
    <Filter Include="Commands\RevisionGraph\Options\Modification">
      <UniqueIdentifier>{e29ca010-3149-4bfd-aa4f-96234ad894d0}</UniqueIdentifier>
    </Filter>
    <Filter Include="Commands\RevisionGraph\Options\Other">
      <UniqueIdentifier>{a9cc2492-ab24-4aa0-abe1-984f0cf4639c}</UniqueIdentifier>
    </Filter>
    <Filter Include="Commands\%28Un%29Lock">
      <UniqueIdentifier>{8a3fe1bf-5595-43f7-8b1b-4f5e00580198}</UniqueIdentifier>
    </Filter>
    <Filter Include="Commands\Properties">
      <UniqueIdentifier>{6d3c3206-0d8f-4e3c-89b4-73cf62945407}</UniqueIdentifier>
    </Filter>
    <Filter Include="Commands\DelUnversioned">
      <UniqueIdentifier>{354cc845-b10c-4cd1-baaa-ab4c86910caa}</UniqueIdentifier>
    </Filter>
    <Filter Include="Commands\Paste">
      <UniqueIdentifier>{ee60a736-65fc-4f0a-ae89-37f59acc11f0}</UniqueIdentifier>
    </Filter>
    <Filter Include="Commands\ConflictEditor">
      <UniqueIdentifier>{89a90473-eda0-47cb-8f18-402a97146aa2}</UniqueIdentifier>
    </Filter>
    <Filter Include="Commands\EditFile">
      <UniqueIdentifier>{4076806d-97c0-40bb-8913-78a50754d994}</UniqueIdentifier>
    </Filter>
    <Filter Include="Utility Dialogs">
      <UniqueIdentifier>{823260d2-5e90-463c-9302-64f796709e69}</UniqueIdentifier>
    </Filter>
    <Filter Include="Misc">
      <UniqueIdentifier>{34016e48-54e6-468e-981d-9ea2a0d9ce3b}</UniqueIdentifier>
    </Filter>
    <Filter Include="Commands\RepoCreate">
      <UniqueIdentifier>{02543189-d6fa-451f-be9e-4531c5051a70}</UniqueIdentifier>
    </Filter>
  </ItemGroup>
  <ItemGroup>
    <ClCompile Include="..\Utils\accHelper.cpp">
      <Filter>Utils\General</Filter>
    </ClCompile>
    <ClCompile Include="AppUtils.cpp">
      <Filter>Utils\General</Filter>
    </ClCompile>
    <ClCompile Include="..\Utils\BugTraqAssociations.cpp">
      <Filter>Utils\General</Filter>
    </ClCompile>
    <ClCompile Include="..\TSVNCache\CacheInterface.cpp">
      <Filter>Utils\General</Filter>
    </ClCompile>
    <ClCompile Include="..\Utils\CmdLineParser.cpp">
      <Filter>Utils\General</Filter>
    </ClCompile>
    <ClCompile Include="..\Utils\CmdUrlParser.cpp">
      <Filter>Utils\General</Filter>
    </ClCompile>
    <ClCompile Include="Colors.cpp">
      <Filter>Utils\General</Filter>
    </ClCompile>
    <ClCompile Include="..\Utils\COMError.cpp">
      <Filter>Utils\General</Filter>
    </ClCompile>
    <ClCompile Include="..\Utils\DebugOutput.cpp">
      <Filter>Utils\General</Filter>
    </ClCompile>
    <ClCompile Include="..\Utils\DirFileEnum.cpp">
      <Filter>Utils\General</Filter>
    </ClCompile>
    <ClCompile Include="..\Utils\DragDropImpl.cpp">
      <Filter>Utils\General</Filter>
    </ClCompile>
    <ClCompile Include="..\Utils\Hooks.cpp">
      <Filter>Utils\General</Filter>
    </ClCompile>
    <ClCompile Include="..\Utils\JumpListHelpers.cpp">
      <Filter>Utils\General</Filter>
    </ClCompile>
    <ClCompile Include="..\Utils\ListViewAccServer.cpp">
      <Filter>Utils\General</Filter>
    </ClCompile>
    <ClCompile Include="LogFile.cpp">
      <Filter>Utils\General</Filter>
    </ClCompile>
    <ClCompile Include="..\Utils\PathUtils.cpp">
      <Filter>Utils\General</Filter>
    </ClCompile>
    <ClCompile Include="..\Utils\PathWatcher.cpp">
      <Filter>Utils\General</Filter>
    </ClCompile>
    <ClCompile Include="..\Utils\PersonalDictionary.cpp">
      <Filter>Utils\General</Filter>
    </ClCompile>
    <ClCompile Include="..\Utils\ProfilingInfo.cpp">
      <Filter>Utils\General</Filter>
    </ClCompile>
    <ClCompile Include="ProjectProperties.cpp">
      <Filter>Utils\General</Filter>
    </ClCompile>
    <ClCompile Include="..\Utils\RegHistory.cpp">
      <Filter>Utils\General</Filter>
    </ClCompile>
    <ClCompile Include="..\Utils\Registry.cpp">
      <Filter>Utils\General</Filter>
    </ClCompile>
    <ClCompile Include="..\Utils\ShellUpdater.cpp">
      <Filter>Utils\General</Filter>
    </ClCompile>
    <ClCompile Include="..\Utils\SoundUtils.cpp">
      <Filter>Utils\General</Filter>
    </ClCompile>
    <ClCompile Include="..\Utils\StdioFileT.cpp">
      <Filter>Utils\General</Filter>
    </ClCompile>
    <ClCompile Include="..\Utils\StringUtils.cpp">
      <Filter>Utils\General</Filter>
    </ClCompile>
    <ClCompile Include="..\Utils\SVNTrace.cpp">
      <Filter>Utils\General</Filter>
    </ClCompile>
    <ClCompile Include="..\Utils\SysImageList.cpp">
      <Filter>Utils\General</Filter>
    </ClCompile>
    <ClCompile Include="..\Utils\SysInfo.cpp">
      <Filter>Utils\General</Filter>
    </ClCompile>
    <ClCompile Include="..\Utils\TempFile.cpp">
      <Filter>Utils\General</Filter>
    </ClCompile>
    <ClCompile Include="..\Svn\TSVNPath.cpp">
      <Filter>Utils\General</Filter>
    </ClCompile>
    <ClCompile Include="..\Utils\UnicodeUtils.cpp">
      <Filter>Utils\General</Filter>
    </ClCompile>
    <ClCompile Include="..\Utils\Win7.cpp">
      <Filter>Utils\General</Filter>
    </ClCompile>
    <ClCompile Include="..\Utils\MiscUI\AeroControls.cpp">
      <Filter>Utils\UI</Filter>
    </ClCompile>
    <ClCompile Include="..\Utils\MiscUI\AeroGlass.cpp">
      <Filter>Utils\UI</Filter>
    </ClCompile>
    <ClCompile Include="..\Utils\MiscUI\BrowseFolder.cpp">
      <Filter>Utils\UI</Filter>
    </ClCompile>
    <ClCompile Include="..\Utils\MiscUI\BufferDC.cpp">
      <Filter>Utils\UI</Filter>
    </ClCompile>
    <ClCompile Include="..\Utils\MiscUI\DIB.cpp">
      <Filter>Utils\UI</Filter>
    </ClCompile>
    <ClCompile Include="..\Utils\MiscUI\FileDropEdit.cpp">
      <Filter>Utils\UI</Filter>
    </ClCompile>
    <ClCompile Include="..\Utils\MiscUI\FilterEdit.cpp">
      <Filter>Utils\UI</Filter>
    </ClCompile>
    <ClCompile Include="..\Utils\MiscUI\Gradient.cpp">
      <Filter>Utils\UI</Filter>
    </ClCompile>
    <ClCompile Include="..\Utils\MiscUI\HintListCtrl.cpp">
      <Filter>Utils\UI</Filter>
    </ClCompile>
    <ClCompile Include="..\Utils\MiscUI\HistoryCombo.cpp">
      <Filter>Utils\UI</Filter>
    </ClCompile>
    <ClCompile Include="..\Utils\MiscUI\HyperLink.cpp">
      <Filter>Utils\UI</Filter>
    </ClCompile>
    <ClCompile Include="..\Utils\MiscUI\IconBitmapUtils.cpp">
      <Filter>Utils\UI</Filter>
    </ClCompile>
    <ClCompile Include="..\Utils\MiscUI\IconMenu.cpp">
      <Filter>Utils\UI</Filter>
    </ClCompile>
    <ClCompile Include="..\Utils\MiscUI\LinkControl.cpp">
      <Filter>Utils\UI</Filter>
    </ClCompile>
    <ClCompile Include="..\Utils\MiscUI\MyGraph.cpp">
      <Filter>Utils\UI</Filter>
    </ClCompile>
    <ClCompile Include="..\Utils\MiscUI\OddButton.cpp">
      <Filter>Utils\UI</Filter>
    </ClCompile>
    <ClCompile Include="..\Utils\MiscUI\PathEdit.cpp">
      <Filter>Utils\UI</Filter>
    </ClCompile>
    <ClCompile Include="..\Utils\MiscUI\ProgressDlg.cpp">
      <Filter>Utils\UI</Filter>
    </ClCompile>
    <ClCompile Include="..\Utils\MiscUI\SciEdit.cpp">
      <Filter>Utils\UI</Filter>
    </ClCompile>
    <ClCompile Include="..\Utils\MiscUI\SplitterControl.cpp">
      <Filter>Utils\UI</Filter>
    </ClCompile>
    <ClCompile Include="..\Utils\MiscUI\StandAloneDlg.cpp">
      <Filter>Utils\UI</Filter>
    </ClCompile>
    <ClCompile Include="..\Utils\MiscUI\Tooltip.cpp">
      <Filter>Utils\UI</Filter>
    </ClCompile>
    <ClCompile Include="..\Utils\MiscUI\WaitCursorEx.cpp">
      <Filter>Utils\UI</Filter>
    </ClCompile>
    <ClCompile Include="..\Utils\MiscUI\WaterEffect.cpp">
      <Filter>Utils\UI</Filter>
    </ClCompile>
    <ClCompile Include="..\..\ext\hunspell\affentry.cxx">
      <Filter>Utils\3rd Party\hunspell</Filter>
    </ClCompile>
    <ClCompile Include="..\..\ext\hunspell\affixmgr.cxx">
      <Filter>Utils\3rd Party\hunspell</Filter>
    </ClCompile>
    <ClCompile Include="..\..\ext\hunspell\csutil.cxx">
      <Filter>Utils\3rd Party\hunspell</Filter>
    </ClCompile>
    <ClCompile Include="..\..\ext\hunspell\dictmgr.cxx">
      <Filter>Utils\3rd Party\hunspell</Filter>
    </ClCompile>
    <ClCompile Include="..\..\ext\hunspell\hashmgr.cxx">
      <Filter>Utils\3rd Party\hunspell</Filter>
    </ClCompile>
    <ClCompile Include="..\..\ext\hunspell\hunspell.cxx">
      <Filter>Utils\3rd Party\hunspell</Filter>
    </ClCompile>
    <ClCompile Include="..\..\ext\hunspell\mythes.cxx">
      <Filter>Utils\3rd Party\hunspell</Filter>
    </ClCompile>
    <ClCompile Include="..\..\ext\hunspell\suggestmgr.cxx">
      <Filter>Utils\3rd Party\hunspell</Filter>
    </ClCompile>
    <ClCompile Include="..\..\ext\hunspell\utf_info.cxx">
      <Filter>Utils\3rd Party\hunspell</Filter>
    </ClCompile>
    <ClCompile Include="..\Utils\TreePropSheet\PropPageFrame.cpp">
      <Filter>Utils\3rd Party\TreePropSheet</Filter>
    </ClCompile>
    <ClCompile Include="..\Utils\TreePropSheet\PropPageFrameDefault.cpp">
      <Filter>Utils\3rd Party\TreePropSheet</Filter>
    </ClCompile>
    <ClCompile Include="..\Utils\TreePropSheet\TreePropSheet.cpp">
      <Filter>Utils\3rd Party\TreePropSheet</Filter>
    </ClCompile>
    <ClCompile Include="..\SVN\SVN.cpp">
      <Filter>Subversion</Filter>
    </ClCompile>
    <ClCompile Include="..\Svn\SVNAdminDir.cpp">
      <Filter>Subversion</Filter>
    </ClCompile>
    <ClCompile Include="..\Svn\SVNConfig.cpp">
      <Filter>Subversion</Filter>
    </ClCompile>
    <ClCompile Include="..\SVN\SVNDataObject.cpp">
      <Filter>Subversion</Filter>
    </ClCompile>
    <ClCompile Include="..\Svn\SVNDiff.cpp">
      <Filter>Subversion</Filter>
    </ClCompile>
    <ClCompile Include="..\SVN\SVNError.cpp">
      <Filter>Subversion</Filter>
    </ClCompile>
    <ClCompile Include="..\SVN\SVNExternals.cpp">
      <Filter>Subversion</Filter>
    </ClCompile>
    <ClCompile Include="..\SVN\SVNGlobal.cpp">
      <Filter>Subversion</Filter>
    </ClCompile>
    <ClCompile Include="..\Svn\SVNHelpers.cpp">
      <Filter>Subversion</Filter>
    </ClCompile>
    <ClCompile Include="..\Svn\SVNInfo.cpp">
      <Filter>Subversion</Filter>
    </ClCompile>
    <ClCompile Include="..\SVN\SVNLogHelper.cpp">
      <Filter>Subversion</Filter>
    </ClCompile>
    <ClCompile Include="..\Svn\SVNPrompt.cpp">
      <Filter>Subversion</Filter>
    </ClCompile>
    <ClCompile Include="..\Svn\SVNProperties.cpp">
      <Filter>Subversion</Filter>
    </ClCompile>
    <ClCompile Include="..\Svn\SVNRev.cpp">
      <Filter>Subversion</Filter>
    </ClCompile>
    <ClCompile Include="..\SVN\SVNStatus.cpp">
      <Filter>Subversion</Filter>
    </ClCompile>
    <ClCompile Include="..\Svn\SVNStatusListCtrl.cpp">
      <Filter>Subversion</Filter>
    </ClCompile>
    <ClCompile Include="..\SVN\SVNStatusListCtrlHelpers.cpp">
      <Filter>Subversion</Filter>
    </ClCompile>
    <ClCompile Include="..\SVN\TSVNAuth.cpp">
      <Filter>Subversion</Filter>
    </ClCompile>
    <ClCompile Include="Commands\Command.cpp">
      <Filter>Commands</Filter>
    </ClCompile>
    <ClCompile Include="Commands\CommitCommand.cpp">
      <Filter>Commands\Commit</Filter>
    </ClCompile>
    <ClCompile Include="CommitDlg.cpp">
      <Filter>Commands\Commit</Filter>
    </ClCompile>
    <ClCompile Include="Commands\AboutCommand.cpp">
      <Filter>Commands\About</Filter>
    </ClCompile>
    <ClCompile Include="AboutDlg.cpp">
      <Filter>Commands\About</Filter>
    </ClCompile>
    <ClCompile Include="AutoTextTestDlg.cpp">
      <Filter>Commands\Misc</Filter>
    </ClCompile>
    <ClCompile Include="Commands\CatCommand.cpp">
      <Filter>Commands\Misc</Filter>
    </ClCompile>
    <ClCompile Include="Commands\RebuildIconCacheCommand.cpp">
      <Filter>Commands\Misc</Filter>
    </ClCompile>
    <ClCompile Include="Commands\LogCommand.cpp">
      <Filter>Commands\Log</Filter>
    </ClCompile>
    <ClCompile Include="LogDialog\LogDlg.cpp">
      <Filter>Commands\Log</Filter>
    </ClCompile>
    <ClCompile Include="LogDialog\LogDlgDataModel.cpp">
      <Filter>Commands\Log</Filter>
    </ClCompile>
    <ClCompile Include="LogDialog\LogDlgFilter.cpp">
      <Filter>Commands\Log</Filter>
    </ClCompile>
    <ClCompile Include="LogDialog\LogDlgHelper.cpp">
      <Filter>Commands\Log</Filter>
    </ClCompile>
    <ClCompile Include="LogDialog\StatGraphDlg.cpp">
      <Filter>Commands\Log</Filter>
    </ClCompile>
    <ClCompile Include="Commands\CheckoutCommand.cpp">
      <Filter>Commands\Checkout</Filter>
    </ClCompile>
    <ClCompile Include="CheckoutDlg.cpp">
      <Filter>Commands\Checkout</Filter>
    </ClCompile>
    <ClCompile Include="Commands\ExportCommand.cpp">
      <Filter>Commands\Export</Filter>
    </ClCompile>
    <ClCompile Include="ExportDlg.cpp">
      <Filter>Commands\Export</Filter>
    </ClCompile>
    <ClCompile Include="Commands\CopyCommand.cpp">
      <Filter>Commands\Copy</Filter>
    </ClCompile>
    <ClCompile Include="CopyDlg.cpp">
      <Filter>Commands\Copy</Filter>
    </ClCompile>
    <ClCompile Include="Commands\ImportCommand.cpp">
      <Filter>Commands\Import</Filter>
    </ClCompile>
    <ClCompile Include="ImportDlg.cpp">
      <Filter>Commands\Import</Filter>
    </ClCompile>
    <ClCompile Include="Commands\UpdateCommand.cpp">
      <Filter>Commands\Update</Filter>
    </ClCompile>
    <ClCompile Include="UpdateDlg.cpp">
      <Filter>Commands\Update</Filter>
    </ClCompile>
    <ClCompile Include="Commands\AddCommand.cpp">
      <Filter>Commands\Add</Filter>
    </ClCompile>
    <ClCompile Include="AddDlg.cpp">
      <Filter>Commands\Add</Filter>
    </ClCompile>
    <ClCompile Include="Commands\RevertCommand.cpp">
      <Filter>Commands\Revert</Filter>
    </ClCompile>
    <ClCompile Include="RevertDlg.cpp">
      <Filter>Commands\Revert</Filter>
    </ClCompile>
    <ClCompile Include="Commands\CleanupCommand.cpp">
      <Filter>Commands\Cleanup</Filter>
    </ClCompile>
    <ClCompile Include="Commands\ResolveCommand.cpp">
      <Filter>Commands\Resolve</Filter>
    </ClCompile>
    <ClCompile Include="ResolveDlg.cpp">
      <Filter>Commands\Resolve</Filter>
    </ClCompile>
    <ClCompile Include="Commands\SwitchCommand.cpp">
      <Filter>Commands\Switch</Filter>
    </ClCompile>
    <ClCompile Include="SwitchDlg.cpp">
      <Filter>Commands\Switch</Filter>
    </ClCompile>
    <ClCompile Include="Commands\MergeAllCommand.cpp">
      <Filter>Commands\Merge</Filter>
    </ClCompile>
    <ClCompile Include="MergeAllDlg.cpp">
      <Filter>Commands\Merge</Filter>
    </ClCompile>
    <ClCompile Include="Commands\MergeCommand.cpp">
      <Filter>Commands\Merge</Filter>
    </ClCompile>
    <ClCompile Include="MergeWizard.cpp">
      <Filter>Commands\Merge</Filter>
    </ClCompile>
    <ClCompile Include="MergeWizardBasePage.cpp">
      <Filter>Commands\Merge</Filter>
    </ClCompile>
    <ClCompile Include="MergeWizardOptions.cpp">
      <Filter>Commands\Merge</Filter>
    </ClCompile>
    <ClCompile Include="MergeWizardReintegrate.cpp">
      <Filter>Commands\Merge</Filter>
    </ClCompile>
    <ClCompile Include="MergeWizardRevRange.cpp">
      <Filter>Commands\Merge</Filter>
    </ClCompile>
    <ClCompile Include="MergeWizardStart.cpp">
      <Filter>Commands\Merge</Filter>
    </ClCompile>
    <ClCompile Include="MergeWizardTree.cpp">
      <Filter>Commands\Merge</Filter>
    </ClCompile>
    <ClCompile Include="Commands\SettingsCommand.cpp">
      <Filter>Commands\Settings</Filter>
    </ClCompile>
    <ClCompile Include="Settings\SetBugTraq.cpp">
      <Filter>Commands\Settings\Settings Dialog</Filter>
    </ClCompile>
    <ClCompile Include="Settings\SetBugTraqAdv.cpp">
      <Filter>Commands\Settings\Settings Dialog</Filter>
    </ClCompile>
    <ClCompile Include="Settings\SetDialogs.cpp">
      <Filter>Commands\Settings\Settings Dialog</Filter>
    </ClCompile>
    <ClCompile Include="Settings\SetHooks.cpp">
      <Filter>Commands\Settings\Settings Dialog</Filter>
    </ClCompile>
    <ClCompile Include="Settings\SetHooksAdv.cpp">
      <Filter>Commands\Settings\Settings Dialog</Filter>
    </ClCompile>
    <ClCompile Include="Settings\SetLogCache.cpp">
      <Filter>Commands\Settings\Settings Dialog</Filter>
    </ClCompile>
    <ClCompile Include="Settings\SetLookAndFeelPage.cpp">
      <Filter>Commands\Settings\Settings Dialog</Filter>
    </ClCompile>
    <ClCompile Include="Settings\SetMainPage.cpp">
      <Filter>Commands\Settings\Settings Dialog</Filter>
    </ClCompile>
    <ClCompile Include="Settings\SetMisc.cpp">
      <Filter>Commands\Settings\Settings Dialog</Filter>
    </ClCompile>
    <ClCompile Include="Settings\SetOverlayIcons.cpp">
      <Filter>Commands\Settings\Settings Dialog</Filter>
    </ClCompile>
    <ClCompile Include="Settings\SetOverlayPage.cpp">
      <Filter>Commands\Settings\Settings Dialog</Filter>
    </ClCompile>
    <ClCompile Include="Settings\SetProgsAdvDlg.cpp">
      <Filter>Commands\Settings\Settings Dialog</Filter>
    </ClCompile>
    <ClCompile Include="Settings\SetProxyPage.cpp">
      <Filter>Commands\Settings\Settings Dialog</Filter>
    </ClCompile>
    <ClCompile Include="Settings\SetSavedDataPage.cpp">
      <Filter>Commands\Settings\Settings Dialog</Filter>
    </ClCompile>
    <ClCompile Include="Settings\Settings.cpp">
      <Filter>Commands\Settings\Settings Dialog</Filter>
    </ClCompile>
    <ClCompile Include="Settings\SettingsAdvanced.cpp">
      <Filter>Commands\Settings\Settings Dialog</Filter>
    </ClCompile>
    <ClCompile Include="Settings\SettingsColors.cpp">
      <Filter>Commands\Settings\Settings Dialog</Filter>
    </ClCompile>
    <ClCompile Include="Settings\SettingsLogCaches.cpp">
      <Filter>Commands\Settings\Settings Dialog</Filter>
    </ClCompile>
    <ClCompile Include="Settings\SettingsProgsDiff.cpp">
      <Filter>Commands\Settings\Settings Dialog</Filter>
    </ClCompile>
    <ClCompile Include="Settings\SettingsProgsMerge.cpp">
      <Filter>Commands\Settings\Settings Dialog</Filter>
    </ClCompile>
    <ClCompile Include="Settings\SettingsProgsUniDiff.cpp">
      <Filter>Commands\Settings\Settings Dialog</Filter>
    </ClCompile>
    <ClCompile Include="Settings\SettingsPropPage.cpp">
      <Filter>Commands\Settings\Settings Dialog</Filter>
    </ClCompile>
    <ClCompile Include="Settings\SettingsRevGraphColors.cpp">
      <Filter>Commands\Settings\Settings Dialog</Filter>
    </ClCompile>
    <ClCompile Include="Settings\SettingsRevisionGraph.cpp">
      <Filter>Commands\Settings\Settings Dialog</Filter>
    </ClCompile>
    <ClCompile Include="Settings\SettingsTBlame.cpp">
      <Filter>Commands\Settings\Settings Dialog</Filter>
    </ClCompile>
    <ClCompile Include="Settings\ToolAssocDlg.cpp">
      <Filter>Commands\Settings\Settings Dialog</Filter>
    </ClCompile>
    <ClCompile Include="Commands\RemoveCommand.cpp">
      <Filter>Commands\Remove</Filter>
    </ClCompile>
    <ClCompile Include="Commands\RenameCommand.cpp">
      <Filter>Commands\Rename</Filter>
    </ClCompile>
    <ClCompile Include="RenameDlg.cpp">
      <Filter>Commands\Rename</Filter>
    </ClCompile>
    <ClCompile Include="Commands\DiffCommand.cpp">
      <Filter>Commands\Diff</Filter>
    </ClCompile>
    <ClCompile Include="Commands\PrevDiffCommand.cpp">
      <Filter>Commands\Diff</Filter>
    </ClCompile>
    <ClCompile Include="Commands\ShowCompareCommand.cpp">
      <Filter>Commands\Diff</Filter>
    </ClCompile>
    <ClCompile Include="Commands\UrlDiffCommand.cpp">
      <Filter>Commands\Diff</Filter>
    </ClCompile>
    <ClCompile Include="UrlDiffDlg.cpp">
      <Filter>Commands\Diff</Filter>
    </ClCompile>
    <ClCompile Include="Commands\DropCopyAddCommand.cpp">
      <Filter>Commands\Drop</Filter>
    </ClCompile>
    <ClCompile Include="Commands\DropCopyCommand.cpp">
      <Filter>Commands\Drop</Filter>
    </ClCompile>
    <ClCompile Include="Commands\DropExportCommand.cpp">
      <Filter>Commands\Drop</Filter>
    </ClCompile>
    <ClCompile Include="Commands\DropMoveCommand.cpp">
      <Filter>Commands\Drop</Filter>
    </ClCompile>
    <ClCompile Include="Commands\RelocateCommand.cpp">
      <Filter>Commands\Relocate</Filter>
    </ClCompile>
    <ClCompile Include="RelocateDlg.cpp">
      <Filter>Commands\Relocate</Filter>
    </ClCompile>
    <ClCompile Include="ChangedDlg.cpp">
      <Filter>Commands\RepoStatus</Filter>
    </ClCompile>
    <ClCompile Include="Commands\RepoStatusCommand.cpp">
      <Filter>Commands\RepoStatus</Filter>
    </ClCompile>
    <ClCompile Include="Commands\RepositoryBrowserCommand.cpp">
      <Filter>Commands\RepoBrowser</Filter>
    </ClCompile>
    <ClCompile Include="RepoDrags.cpp">
      <Filter>Commands\RepoBrowser\Repository Browser</Filter>
    </ClCompile>
    <ClCompile Include="RepositoryBar.cpp">
      <Filter>Commands\RepoBrowser\Repository Browser</Filter>
    </ClCompile>
    <ClCompile Include="RepositoryBrowser.cpp">
      <Filter>Commands\RepoBrowser\Repository Browser</Filter>
    </ClCompile>
    <ClCompile Include="RepositoryBrowserSelection.cpp">
      <Filter>Commands\RepoBrowser\Repository Browser</Filter>
    </ClCompile>
    <ClCompile Include="RepositoryLister.cpp">
      <Filter>Commands\RepoBrowser\Repository Browser</Filter>
    </ClCompile>
    <ClCompile Include="Commands\IgnoreCommand.cpp">
      <Filter>Commands\%28Un%29Ignore</Filter>
    </ClCompile>
    <ClCompile Include="Commands\UnIgnoreCommand.cpp">
      <Filter>Commands\%28Un%29Ignore</Filter>
    </ClCompile>
    <ClCompile Include="Blame.cpp">
      <Filter>Commands\Blame</Filter>
    </ClCompile>
    <ClCompile Include="Commands\BlameCommand.cpp">
      <Filter>Commands\Blame</Filter>
    </ClCompile>
    <ClCompile Include="BlameDlg.cpp">
      <Filter>Commands\Blame</Filter>
    </ClCompile>
    <ClCompile Include="Commands\CreatePatchCommand.cpp">
      <Filter>Commands\CreatePatch</Filter>
    </ClCompile>
    <ClCompile Include="CreatePatchDlg.cpp">
      <Filter>Commands\CreatePatch</Filter>
    </ClCompile>
    <ClCompile Include="CheckForUpdatesDlg.cpp">
      <Filter>Commands\UpdateCheck</Filter>
    </ClCompile>
    <ClCompile Include="Commands\UpdateCheckCommand.cpp">
      <Filter>Commands\UpdateCheck</Filter>
    </ClCompile>
    <ClCompile Include="Commands\RevisionGraphCommand.cpp">
      <Filter>Commands\RevisionGraph</Filter>
    </ClCompile>
    <ClCompile Include="RevisionGraph\StandardLayout.cpp">
      <Filter>Commands\RevisionGraph\Layout</Filter>
    </ClCompile>
    <ClCompile Include="RevisionGraph\StandardLayoutConnectionList.cpp">
      <Filter>Commands\RevisionGraph\Layout</Filter>
    </ClCompile>
    <ClCompile Include="RevisionGraph\StandardLayoutNodeList.cpp">
      <Filter>Commands\RevisionGraph\Layout</Filter>
    </ClCompile>
    <ClCompile Include="RevisionGraph\StandardLayoutRectList.cpp">
      <Filter>Commands\RevisionGraph\Layout</Filter>
    </ClCompile>
    <ClCompile Include="RevisionGraph\StandardLayoutTextList.cpp">
      <Filter>Commands\RevisionGraph\Layout</Filter>
    </ClCompile>
    <ClCompile Include="RevisionGraph\FullGraph.cpp">
      <Filter>Commands\RevisionGraph\FullGraph</Filter>
    </ClCompile>
    <ClCompile Include="RevisionGraph\FullGraphBuilder.cpp">
      <Filter>Commands\RevisionGraph\FullGraph</Filter>
    </ClCompile>
    <ClCompile Include="RevisionGraph\FullGraphFinalizer.cpp">
      <Filter>Commands\RevisionGraph\FullGraph</Filter>
    </ClCompile>
    <ClCompile Include="RevisionGraph\FullGraphNode.cpp">
      <Filter>Commands\RevisionGraph\FullGraph</Filter>
    </ClCompile>
    <ClCompile Include="RevisionGraph\FullHistory.cpp">
      <Filter>Commands\RevisionGraph\FullGraph</Filter>
    </ClCompile>
    <ClCompile Include="RevisionGraph\PathClassificator.cpp">
      <Filter>Commands\RevisionGraph\FullGraph</Filter>
    </ClCompile>
    <ClCompile Include="RevisionGraph\SearchPathTree.cpp">
      <Filter>Commands\RevisionGraph\FullGraph</Filter>
    </ClCompile>
    <ClCompile Include="RevisionGraph\GraphNodeState.cpp">
      <Filter>Commands\RevisionGraph\VisibleGraph</Filter>
    </ClCompile>
    <ClCompile Include="RevisionGraph\VisibleGraph.cpp">
      <Filter>Commands\RevisionGraph\VisibleGraph</Filter>
    </ClCompile>
    <ClCompile Include="RevisionGraph\VisibleGraphBuilder.cpp">
      <Filter>Commands\RevisionGraph\VisibleGraph</Filter>
    </ClCompile>
    <ClCompile Include="RevisionGraph\VisibleGraphNode.cpp">
      <Filter>Commands\RevisionGraph\VisibleGraph</Filter>
    </ClCompile>
    <ClCompile Include="RevisionGraph\RevGraphFilterDlg.cpp">
      <Filter>Commands\RevisionGraph\UI</Filter>
    </ClCompile>
    <ClCompile Include="RevisionGraph\RevisionGraphDlg.cpp">
      <Filter>Commands\RevisionGraph\UI</Filter>
    </ClCompile>
    <ClCompile Include="RevisionGraph\RevisionGraphDlgDraw.cpp">
      <Filter>Commands\RevisionGraph\UI</Filter>
    </ClCompile>
    <ClCompile Include="RevisionGraph\RevisionGraphDlgFunc.cpp">
      <Filter>Commands\RevisionGraph\UI</Filter>
    </ClCompile>
    <ClCompile Include="RevisionGraph\RevisionGraphState.cpp">
      <Filter>Commands\RevisionGraph\UI</Filter>
    </ClCompile>
    <ClCompile Include="RevisionGraph\RevisionGraphWnd.cpp">
      <Filter>Commands\RevisionGraph\UI</Filter>
    </ClCompile>
    <ClCompile Include="RevisionGraph\AllGraphOptions.cpp">
      <Filter>Commands\RevisionGraph\Options</Filter>
    </ClCompile>
    <ClCompile Include="RevisionGraph\CopyFilterOptions.cpp">
      <Filter>Commands\RevisionGraph\Options</Filter>
    </ClCompile>
    <ClCompile Include="RevisionGraph\LayoutOptions.cpp">
      <Filter>Commands\RevisionGraph\Options</Filter>
    </ClCompile>
    <ClCompile Include="RevisionGraph\ModificationOptions.cpp">
      <Filter>Commands\RevisionGraph\Options</Filter>
    </ClCompile>
    <ClCompile Include="RevisionGraph\RevisionGraphOptions.cpp">
      <Filter>Commands\RevisionGraph\Options</Filter>
    </ClCompile>
    <ClCompile Include="RevisionGraph\ShowPathsAsDiff.cpp">
      <Filter>Commands\RevisionGraph\Options\Layout</Filter>
    </ClCompile>
    <ClCompile Include="RevisionGraph\StandardNodePositioning.cpp">
      <Filter>Commands\RevisionGraph\Options\Layout</Filter>
    </ClCompile>
    <ClCompile Include="RevisionGraph\StandardNodeSizeAssignment.cpp">
      <Filter>Commands\RevisionGraph\Options\Layout</Filter>
    </ClCompile>
    <ClCompile Include="RevisionGraph\StrictOrderNodePositioning.cpp">
      <Filter>Commands\RevisionGraph\Options\Layout</Filter>
    </ClCompile>
    <ClCompile Include="RevisionGraph\TopAlignTrees.cpp">
      <Filter>Commands\RevisionGraph\Options\Layout</Filter>
    </ClCompile>
    <ClCompile Include="RevisionGraph\UpsideDownLayout.cpp">
      <Filter>Commands\RevisionGraph\Options\Layout</Filter>
    </ClCompile>
    <ClCompile Include="RevisionGraph\RemoveDeletedBranches.cpp">
      <Filter>Commands\RevisionGraph\Options\Copy</Filter>
    </ClCompile>
    <ClCompile Include="RevisionGraph\RemovePathsBySubString.cpp">
      <Filter>Commands\RevisionGraph\Options\Copy</Filter>
    </ClCompile>
    <ClCompile Include="RevisionGraph\RemoveSimpleChanges.cpp">
      <Filter>Commands\RevisionGraph\Options\Copy</Filter>
    </ClCompile>
    <ClCompile Include="RevisionGraph\RevisionInRange.cpp">
      <Filter>Commands\RevisionGraph\Options\Copy</Filter>
    </ClCompile>
    <ClCompile Include="RevisionGraph\ShowHeads.cpp">
      <Filter>Commands\RevisionGraph\Options\Copy</Filter>
    </ClCompile>
    <ClCompile Include="RevisionGraph\ShowWC.cpp">
      <Filter>Commands\RevisionGraph\Options\Copy</Filter>
    </ClCompile>
    <ClCompile Include="RevisionGraph\ShowWCModification.cpp">
      <Filter>Commands\RevisionGraph\Options\Copy</Filter>
    </ClCompile>
    <ClCompile Include="RevisionGraph\CollapseTreeDownward.cpp">
      <Filter>Commands\RevisionGraph\Options\Modification</Filter>
    </ClCompile>
    <ClCompile Include="RevisionGraph\CollapseTreeUpward.cpp">
      <Filter>Commands\RevisionGraph\Options\Modification</Filter>
    </ClCompile>
    <ClCompile Include="RevisionGraph\CutTrees.cpp">
      <Filter>Commands\RevisionGraph\Options\Modification</Filter>
    </ClCompile>
    <ClCompile Include="RevisionGraph\ExactCopyFroms.cpp">
      <Filter>Commands\RevisionGraph\Options\Modification</Filter>
    </ClCompile>
    <ClCompile Include="RevisionGraph\FoldTags.cpp">
      <Filter>Commands\RevisionGraph\Options\Modification</Filter>
    </ClCompile>
    <ClCompile Include="RevisionGraph\RemoveUnchangedBranches.cpp">
      <Filter>Commands\RevisionGraph\Options\Modification</Filter>
    </ClCompile>
    <ClCompile Include="RevisionGraph\ShowTreeStripes.cpp">
      <Filter>Commands\RevisionGraph\Options\Other</Filter>
    </ClCompile>
    <ClCompile Include="Commands\LockCommand.cpp">
      <Filter>Commands\%28Un%29Lock</Filter>
    </ClCompile>
    <ClCompile Include="LockDlg.cpp">
      <Filter>Commands\%28Un%29Lock</Filter>
    </ClCompile>
    <ClCompile Include="Commands\UnLockCommand.cpp">
      <Filter>Commands\%28Un%29Lock</Filter>
    </ClCompile>
    <ClCompile Include="UnlockDlg.cpp">
      <Filter>Commands\%28Un%29Lock</Filter>
    </ClCompile>
    <ClCompile Include="Commands\PropertiesCommand.cpp">
      <Filter>Commands\Properties</Filter>
    </ClCompile>
    <ClCompile Include="DeleteUnversionedDlg.cpp">
      <Filter>Commands\DelUnversioned</Filter>
    </ClCompile>
    <ClCompile Include="Commands\DelUnversionedCommand.cpp">
      <Filter>Commands\DelUnversioned</Filter>
    </ClCompile>
    <ClCompile Include="Commands\PasteCopyCommand.cpp">
      <Filter>Commands\Paste</Filter>
    </ClCompile>
    <ClCompile Include="Commands\PasteMoveCommand.cpp">
      <Filter>Commands\Paste</Filter>
    </ClCompile>
    <ClCompile Include="Commands\ConflictEditorCommand.cpp">
      <Filter>Commands\ConflictEditor</Filter>
    </ClCompile>
    <ClCompile Include="EditPropConflictDlg.cpp">
      <Filter>Commands\ConflictEditor</Filter>
    </ClCompile>
    <ClCompile Include="TreeConflictEditorDlg.cpp">
      <Filter>Commands\ConflictEditor</Filter>
    </ClCompile>
    <ClCompile Include="Commands\EditFileCommand.cpp">
      <Filter>Commands\EditFile</Filter>
    </ClCompile>
    <ClCompile Include="ConflictResolveDlg.cpp">
      <Filter>Utility Dialogs</Filter>
    </ClCompile>
    <ClCompile Include="CreateChangelistDlg.cpp">
      <Filter>Utility Dialogs</Filter>
    </ClCompile>
    <ClCompile Include="FileDiffDlg.cpp">
      <Filter>Utility Dialogs</Filter>
    </ClCompile>
    <ClCompile Include="GoOffline.cpp">
      <Filter>Utility Dialogs</Filter>
    </ClCompile>
    <ClCompile Include="HistoryDlg.cpp">
      <Filter>Utility Dialogs</Filter>
    </ClCompile>
    <ClCompile Include="InputDlg.cpp">
      <Filter>Utility Dialogs</Filter>
    </ClCompile>
    <ClCompile Include="InputLogDlg.cpp">
      <Filter>Utility Dialogs</Filter>
    </ClCompile>
    <ClCompile Include="LogCacheStatisticsDlg.cpp">
      <Filter>Utility Dialogs</Filter>
    </ClCompile>
    <ClCompile Include="PromptDlg.cpp">
      <Filter>Utility Dialogs</Filter>
    </ClCompile>
    <ClCompile Include="PropDlg.cpp">
      <Filter>Utility Dialogs</Filter>
    </ClCompile>
    <ClCompile Include="RevisionDlg.cpp">
      <Filter>Utility Dialogs</Filter>
    </ClCompile>
    <ClCompile Include="RevisionRangeDlg.cpp">
      <Filter>Utility Dialogs</Filter>
    </ClCompile>
    <ClCompile Include="SimplePrompt.cpp">
      <Filter>Utility Dialogs</Filter>
    </ClCompile>
    <ClCompile Include="SVNProgressDlg.cpp">
      <Filter>Utility Dialogs</Filter>
    </ClCompile>
    <ClCompile Include="URLDlg.cpp">
      <Filter>Utility Dialogs</Filter>
    </ClCompile>
    <ClCompile Include="Properties\EditPropertyValueDlg.cpp">
      <Filter>Commands\Properties</Filter>
    </ClCompile>
    <ClCompile Include="Properties\EditPropExecutable.cpp">
      <Filter>Commands\Properties</Filter>
    </ClCompile>
    <ClCompile Include="Properties\EditPropExternals.cpp">
      <Filter>Commands\Properties</Filter>
    </ClCompile>
    <ClCompile Include="Properties\EditPropExternalsValue.cpp">
      <Filter>Commands\Properties</Filter>
    </ClCompile>
    <ClCompile Include="Properties\EditPropKeywords.cpp">
      <Filter>Commands\Properties</Filter>
    </ClCompile>
    <ClCompile Include="Properties\EditPropMimeType.cpp">
      <Filter>Commands\Properties</Filter>
    </ClCompile>
    <ClCompile Include="Properties\EditPropNeedsLock.cpp">
      <Filter>Commands\Properties</Filter>
    </ClCompile>
    <ClCompile Include="Properties\EditPropTSVNLang.cpp">
      <Filter>Commands\Properties</Filter>
    </ClCompile>
    <ClCompile Include="Properties\EditPropTSVNSizes.cpp">
      <Filter>Commands\Properties</Filter>
    </ClCompile>
    <ClCompile Include="Properties\EditPropBase.cpp">
      <Filter>Commands\Properties</Filter>
    </ClCompile>
    <ClCompile Include="Properties\EditPropBugtraq.cpp">
      <Filter>Commands\Properties</Filter>
    </ClCompile>
    <ClCompile Include="Properties\EditPropEOL.cpp">
      <Filter>Commands\Properties</Filter>
    </ClCompile>
    <ClCompile Include="Properties\EditPropertiesDlg.cpp">
      <Filter>Commands\Properties</Filter>
    </ClCompile>
    <ClCompile Include="Settings\SetOverlayHandlers.cpp">
      <Filter>Commands\Settings\Settings Dialog</Filter>
    </ClCompile>
    <ClCompile Include="stdafx.cpp">
      <Filter>Misc</Filter>
    </ClCompile>
    <ClCompile Include="TortoiseProc.cpp">
      <Filter>Misc</Filter>
    </ClCompile>
    <ClCompile Include="..\Utils\Libraries.cpp">
      <Filter>Utils\General</Filter>
    </ClCompile>
    <ClCompile Include="..\Utils\CommonAppUtils.cpp">
      <Filter>Utils\General</Filter>
    </ClCompile>
    <ClCompile Include="..\Utils\IconExtractor.cpp">
      <Filter>Utils\General</Filter>
    </ClCompile>
    <ClCompile Include="RevisionGraph\RemoveTags.cpp">
      <Filter>Commands\RevisionGraph\Options\Copy</Filter>
    </ClCompile>
    <ClCompile Include="..\SVN\SVNReadProperties.cpp">
      <Filter>Subversion</Filter>
    </ClCompile>
    <ClCompile Include="..\Utils\MiscUI\FileDlgEventHandler.cpp">
      <Filter>Utils\UI</Filter>
    </ClCompile>
    <ClCompile Include="..\Utils\MiscUI\SVG.cpp">
      <Filter>Utils\UI</Filter>
    </ClCompile>
    <ClCompile Include="..\SVN\SVNBase.cpp">
      <Filter>Subversion</Filter>
    </ClCompile>
    <ClCompile Include="..\Utils\ReaderWriterLock.cpp">
      <Filter>Utils\General</Filter>
    </ClCompile>
    <ClCompile Include="..\Utils\StringBuffer.cpp">
      <Filter>Utils\General</Filter>
    </ClCompile>
    <ClCompile Include="..\Utils\MiscUI\XMessageBox.cpp">
      <Filter>Utils\UI</Filter>
    </ClCompile>
    <ClCompile Include="..\Utils\MiscUI\MessageBox.cpp">
      <Filter>Utils\UI</Filter>
    </ClCompile>
    <ClCompile Include="DiffOptionsDlg.cpp">
      <Filter>Utility Dialogs</Filter>
    </ClCompile>
    <ClCompile Include="Commands\CreateRepositoryCommand.cpp">
      <Filter>Commands\RepoCreate</Filter>
    </ClCompile>
    <ClCompile Include="RepoCreationFinished.cpp">
      <Filter>Commands\RepoCreate</Filter>
    </ClCompile>
    <ClCompile Include="..\Utils\MiscUI\RegexEdit.cpp">
      <Filter>Utils\UI</Filter>
    </ClCompile>
    <ClCompile Include="BugtraqRegexTestDlg.cpp">
      <Filter>Commands\Properties</Filter>
    </ClCompile>
    <ClCompile Include="CleanupDlg.cpp">
      <Filter>Commands\Cleanup</Filter>
    </ClCompile>
  </ItemGroup>
  <ItemGroup>
    <ClInclude Include="AppUtils.h">
      <Filter>Utils\General</Filter>
    </ClInclude>
    <ClInclude Include="..\Utils\auto_buffer.h">
      <Filter>Utils\General</Filter>
    </ClInclude>
    <ClInclude Include="..\Utils\BugTraqAssociations.h">
      <Filter>Utils\General</Filter>
    </ClInclude>
    <ClInclude Include="..\Utils\ClipboardHelper.h">
      <Filter>Utils\General</Filter>
    </ClInclude>
    <ClInclude Include="..\Utils\CmdLineParser.h">
      <Filter>Utils\General</Filter>
    </ClInclude>
    <ClInclude Include="..\Utils\CmdUrlParser.h">
      <Filter>Utils\General</Filter>
    </ClInclude>
    <ClInclude Include="Colors.h">
      <Filter>Utils\General</Filter>
    </ClInclude>
    <ClInclude Include="..\Utils\COMError.h">
      <Filter>Utils\General</Filter>
    </ClInclude>
    <ClInclude Include="..\Utils\CreateProcessHelper.h">
      <Filter>Utils\General</Filter>
    </ClInclude>
    <ClInclude Include="..\Utils\DebugOutput.h">
      <Filter>Utils\General</Filter>
    </ClInclude>
    <ClInclude Include="..\Utils\DirFileEnum.h">
      <Filter>Utils\General</Filter>
    </ClInclude>
    <ClInclude Include="..\Utils\DragDropImpl.h">
      <Filter>Utils\General</Filter>
    </ClInclude>
    <ClInclude Include="..\Utils\FormatMessageWrapper.h">
      <Filter>Utils\General</Filter>
    </ClInclude>
    <ClInclude Include="..\Utils\HighResClock.h">
      <Filter>Utils\General</Filter>
    </ClInclude>
    <ClInclude Include="..\Utils\Hooks.h">
      <Filter>Utils\General</Filter>
    </ClInclude>
    <ClInclude Include="..\Utils\JumpListHelpers.h">
      <Filter>Utils\General</Filter>
    </ClInclude>
    <ClInclude Include="..\Utils\ListViewAccServer.h">
      <Filter>Utils\General</Filter>
    </ClInclude>
    <ClInclude Include="LogFile.h">
      <Filter>Utils\General</Filter>
    </ClInclude>
    <ClInclude Include="..\Utils\PathUtils.h">
      <Filter>Utils\General</Filter>
    </ClInclude>
    <ClInclude Include="..\Utils\PathWatcher.h">
      <Filter>Utils\General</Filter>
    </ClInclude>
    <ClInclude Include="..\Utils\PersonalDictionary.h">
      <Filter>Utils\General</Filter>
    </ClInclude>
    <ClInclude Include="..\Utils\ProfilingInfo.h">
      <Filter>Utils\General</Filter>
    </ClInclude>
    <ClInclude Include="ProjectProperties.h">
      <Filter>Utils\General</Filter>
    </ClInclude>
    <ClInclude Include="..\Utils\QuickHash.h">
      <Filter>Utils\General</Filter>
    </ClInclude>
    <ClInclude Include="..\Utils\QuickHashMap.h">
      <Filter>Utils\General</Filter>
    </ClInclude>
    <ClInclude Include="..\Utils\QuickHashSet.h">
      <Filter>Utils\General</Filter>
    </ClInclude>
    <ClInclude Include="..\Utils\RegHistory.h">
      <Filter>Utils\General</Filter>
    </ClInclude>
    <ClInclude Include="..\Utils\registry.h">
      <Filter>Utils\General</Filter>
    </ClInclude>
    <ClInclude Include="..\Utils\SelectFileFilter.h">
      <Filter>Utils\General</Filter>
    </ClInclude>
    <ClInclude Include="..\Utils\ShellUpdater.h">
      <Filter>Utils\General</Filter>
    </ClInclude>
    <ClInclude Include="..\Utils\SoundUtils.h">
      <Filter>Utils\General</Filter>
    </ClInclude>
    <ClInclude Include="..\Utils\stdex_vector.h">
      <Filter>Utils\General</Filter>
    </ClInclude>
    <ClInclude Include="..\Utils\StdioFileT.h">
      <Filter>Utils\General</Filter>
    </ClInclude>
    <ClInclude Include="..\Utils\StringUtils.h">
      <Filter>Utils\General</Filter>
    </ClInclude>
    <ClInclude Include="..\Utils\SVNTrace.h">
      <Filter>Utils\General</Filter>
    </ClInclude>
    <ClInclude Include="..\Utils\SysImageList.h">
      <Filter>Utils\General</Filter>
    </ClInclude>
    <ClInclude Include="..\Utils\SysInfo.h">
      <Filter>Utils\General</Filter>
    </ClInclude>
    <ClInclude Include="..\Utils\TempFile.h">
      <Filter>Utils\General</Filter>
    </ClInclude>
    <ClInclude Include="..\Svn\TSVNPath.h">
      <Filter>Utils\General</Filter>
    </ClInclude>
    <ClInclude Include="..\Utils\UnicodeUtils.h">
      <Filter>Utils\General</Filter>
    </ClInclude>
    <ClInclude Include="..\Utils\Win7.h">
      <Filter>Utils\General</Filter>
    </ClInclude>
    <ClInclude Include="..\Utils\MiscUI\AeroControls.h">
      <Filter>Utils\UI</Filter>
    </ClInclude>
    <ClInclude Include="..\Utils\MiscUI\AeroGlass.h">
      <Filter>Utils\UI</Filter>
    </ClInclude>
    <ClInclude Include="..\Utils\MiscUI\BrowseFolder.h">
      <Filter>Utils\UI</Filter>
    </ClInclude>
    <ClInclude Include="..\Utils\MiscUI\BufferDC.h">
      <Filter>Utils\UI</Filter>
    </ClInclude>
    <ClInclude Include="..\Utils\MiscUI\Cursor.h">
      <Filter>Utils\UI</Filter>
    </ClInclude>
    <ClInclude Include="..\Utils\MiscUI\DIB.h">
      <Filter>Utils\UI</Filter>
    </ClInclude>
    <ClInclude Include="..\Utils\MiscUI\ExtTextOutFL.h">
      <Filter>Utils\UI</Filter>
    </ClInclude>
    <ClInclude Include="..\Utils\MiscUI\FileDropEdit.h">
      <Filter>Utils\UI</Filter>
    </ClInclude>
    <ClInclude Include="..\Utils\MiscUI\FilterEdit.h">
      <Filter>Utils\UI</Filter>
    </ClInclude>
    <ClInclude Include="..\Utils\MiscUI\Gradient.h">
      <Filter>Utils\UI</Filter>
    </ClInclude>
    <ClInclude Include="..\Utils\MiscUI\HintListCtrl.h">
      <Filter>Utils\UI</Filter>
    </ClInclude>
    <ClInclude Include="..\Utils\MiscUI\HistoryCombo.h">
      <Filter>Utils\UI</Filter>
    </ClInclude>
    <ClInclude Include="..\Utils\MiscUI\HyperLink.h">
      <Filter>Utils\UI</Filter>
    </ClInclude>
    <ClInclude Include="..\Utils\MiscUI\IconBitmapUtils.h">
      <Filter>Utils\UI</Filter>
    </ClInclude>
    <ClInclude Include="..\Utils\MiscUI\IconMenu.h">
      <Filter>Utils\UI</Filter>
    </ClInclude>
    <ClInclude Include="..\Utils\MiscUI\LinkControl.h">
      <Filter>Utils\UI</Filter>
    </ClInclude>
    <ClInclude Include="..\Utils\MiscUI\MyGraph.h">
      <Filter>Utils\UI</Filter>
    </ClInclude>
    <ClInclude Include="..\Utils\MiscUI\OddButton.h">
      <Filter>Utils\UI</Filter>
    </ClInclude>
    <ClInclude Include="..\Utils\MiscUI\PathEdit.h">
      <Filter>Utils\UI</Filter>
    </ClInclude>
    <ClInclude Include="..\Utils\MiscUI\ProgressDlg.h">
      <Filter>Utils\UI</Filter>
    </ClInclude>
    <ClInclude Include="..\Utils\MiscUI\SciEdit.h">
      <Filter>Utils\UI</Filter>
    </ClInclude>
    <ClInclude Include="..\Utils\MiscUI\SplitterControl.h">
      <Filter>Utils\UI</Filter>
    </ClInclude>
    <ClInclude Include="..\Utils\MiscUI\StandAloneDlg.h">
      <Filter>Utils\UI</Filter>
    </ClInclude>
    <ClInclude Include="..\Utils\MiscUI\Tooltip.h">
      <Filter>Utils\UI</Filter>
    </ClInclude>
    <ClInclude Include="..\Utils\MiscUI\WaitCursorEx.h">
      <Filter>Utils\UI</Filter>
    </ClInclude>
    <ClInclude Include="..\Utils\MiscUI\WaterEffect.h">
      <Filter>Utils\UI</Filter>
    </ClInclude>
    <ClInclude Include="..\..\ext\hunspell\affentry.hxx">
      <Filter>Utils\3rd Party\hunspell</Filter>
    </ClInclude>
    <ClInclude Include="..\..\ext\hunspell\affixmgr.hxx">
      <Filter>Utils\3rd Party\hunspell</Filter>
    </ClInclude>
    <ClInclude Include="..\..\ext\hunspell\atypes.hxx">
      <Filter>Utils\3rd Party\hunspell</Filter>
    </ClInclude>
    <ClInclude Include="..\..\ext\hunspell\baseaffix.hxx">
      <Filter>Utils\3rd Party\hunspell</Filter>
    </ClInclude>
    <ClInclude Include="..\..\ext\hunspell\csutil.hxx">
      <Filter>Utils\3rd Party\hunspell</Filter>
    </ClInclude>
    <ClInclude Include="..\..\ext\hunspell\dictmgr.hxx">
      <Filter>Utils\3rd Party\hunspell</Filter>
    </ClInclude>
    <ClInclude Include="..\..\ext\hunspell\hashmgr.hxx">
      <Filter>Utils\3rd Party\hunspell</Filter>
    </ClInclude>
    <ClInclude Include="..\..\ext\hunspell\htypes.hxx">
      <Filter>Utils\3rd Party\hunspell</Filter>
    </ClInclude>
    <ClInclude Include="..\..\ext\hunspell\hunspell.h">
      <Filter>Utils\3rd Party\hunspell</Filter>
    </ClInclude>
    <ClInclude Include="..\..\ext\hunspell\hunspell.hxx">
      <Filter>Utils\3rd Party\hunspell</Filter>
    </ClInclude>
    <ClInclude Include="..\..\ext\hunspell\langnum.hxx">
      <Filter>Utils\3rd Party\hunspell</Filter>
    </ClInclude>
    <ClInclude Include="..\..\ext\hunspell\mythes.hxx">
      <Filter>Utils\3rd Party\hunspell</Filter>
    </ClInclude>
    <ClInclude Include="..\..\ext\hunspell\suggestmgr.hxx">
      <Filter>Utils\3rd Party\hunspell</Filter>
    </ClInclude>
    <ClInclude Include="..\Utils\MiscUI\HighColorTab.hpp">
      <Filter>Utils\3rd Party\TreePropSheet</Filter>
    </ClInclude>
    <ClInclude Include="..\Utils\TreePropSheet\PropPageFrame.h">
      <Filter>Utils\3rd Party\TreePropSheet</Filter>
    </ClInclude>
    <ClInclude Include="..\Utils\TreePropSheet\PropPageFrameDefault.h">
      <Filter>Utils\3rd Party\TreePropSheet</Filter>
    </ClInclude>
    <ClInclude Include="..\Utils\TreePropSheet\TreePropSheet.h">
      <Filter>Utils\3rd Party\TreePropSheet</Filter>
    </ClInclude>
    <ClInclude Include="..\SVN\SVN.h">
      <Filter>Subversion</Filter>
    </ClInclude>
    <ClInclude Include="..\Svn\SVNAdminDir.h">
      <Filter>Subversion</Filter>
    </ClInclude>
    <ClInclude Include="..\Svn\SVNConfig.h">
      <Filter>Subversion</Filter>
    </ClInclude>
    <ClInclude Include="..\SVN\SVNDataObject.h">
      <Filter>Subversion</Filter>
    </ClInclude>
    <ClInclude Include="..\Svn\SVNDiff.h">
      <Filter>Subversion</Filter>
    </ClInclude>
    <ClInclude Include="..\SVN\SVNError.h">
      <Filter>Subversion</Filter>
    </ClInclude>
    <ClInclude Include="..\SVN\SVNExternals.h">
      <Filter>Subversion</Filter>
    </ClInclude>
    <ClInclude Include="..\SVN\SVNGlobal.h">
      <Filter>Subversion</Filter>
    </ClInclude>
    <ClInclude Include="..\Svn\SVNHelpers.h">
      <Filter>Subversion</Filter>
    </ClInclude>
    <ClInclude Include="..\Svn\SVNInfo.h">
      <Filter>Subversion</Filter>
    </ClInclude>
    <ClInclude Include="..\SVN\SVNLogHelper.h">
      <Filter>Subversion</Filter>
    </ClInclude>
    <ClInclude Include="..\Svn\SVNPrompt.h">
      <Filter>Subversion</Filter>
    </ClInclude>
    <ClInclude Include="..\Svn\SVNProperties.h">
      <Filter>Subversion</Filter>
    </ClInclude>
    <ClInclude Include="..\Svn\SVNRev.h">
      <Filter>Subversion</Filter>
    </ClInclude>
    <ClInclude Include="..\SVN\SVNStatus.h">
      <Filter>Subversion</Filter>
    </ClInclude>
    <ClInclude Include="..\Svn\SVNStatusListCtrl.h">
      <Filter>Subversion</Filter>
    </ClInclude>
    <ClInclude Include="..\SVN\TSVNAuth.h">
      <Filter>Subversion</Filter>
    </ClInclude>
    <ClInclude Include="Commands\Command.h">
      <Filter>Commands</Filter>
    </ClInclude>
    <ClInclude Include="Commands\CommitCommand.h">
      <Filter>Commands\Commit</Filter>
    </ClInclude>
    <ClInclude Include="CommitDlg.h">
      <Filter>Commands\Commit</Filter>
    </ClInclude>
    <ClInclude Include="Commands\AboutCommand.h">
      <Filter>Commands\About</Filter>
    </ClInclude>
    <ClInclude Include="AboutDlg.h">
      <Filter>Commands\About</Filter>
    </ClInclude>
    <ClInclude Include="Commands\AutoTextTestCommand.h">
      <Filter>Commands\Misc</Filter>
    </ClInclude>
    <ClInclude Include="AutoTextTestDlg.h">
      <Filter>Commands\Misc</Filter>
    </ClInclude>
    <ClInclude Include="Commands\CatCommand.h">
      <Filter>Commands\Misc</Filter>
    </ClInclude>
    <ClInclude Include="Commands\CrashCommand.h">
      <Filter>Commands\Misc</Filter>
    </ClInclude>
    <ClInclude Include="Commands\HelpCommand.h">
      <Filter>Commands\Misc</Filter>
    </ClInclude>
    <ClInclude Include="Commands\RebuildIconCacheCommand.h">
      <Filter>Commands\Misc</Filter>
    </ClInclude>
    <ClInclude Include="Commands\RTFMCommand.h">
      <Filter>Commands\Misc</Filter>
    </ClInclude>
    <ClInclude Include="Commands\LogCommand.h">
      <Filter>Commands\Log</Filter>
    </ClInclude>
    <ClInclude Include="LogDialog\LogDlg.h">
      <Filter>Commands\Log</Filter>
    </ClInclude>
    <ClInclude Include="LogDialog\LogDlgDataModel.h">
      <Filter>Commands\Log</Filter>
    </ClInclude>
    <ClInclude Include="LogDialog\LogDlgFilter.h">
      <Filter>Commands\Log</Filter>
    </ClInclude>
    <ClInclude Include="LogDialog\LogDlgHelper.h">
      <Filter>Commands\Log</Filter>
    </ClInclude>
    <ClInclude Include="LogDialog\StatGraphDlg.h">
      <Filter>Commands\Log</Filter>
    </ClInclude>
    <ClInclude Include="Commands\CheckoutCommand.h">
      <Filter>Commands\Checkout</Filter>
    </ClInclude>
    <ClInclude Include="CheckoutDlg.h">
      <Filter>Commands\Checkout</Filter>
    </ClInclude>
    <ClInclude Include="Commands\ExportCommand.h">
      <Filter>Commands\Export</Filter>
    </ClInclude>
    <ClInclude Include="ExportDlg.h">
      <Filter>Commands\Export</Filter>
    </ClInclude>
    <ClInclude Include="Commands\CopyCommand.h">
      <Filter>Commands\Copy</Filter>
    </ClInclude>
    <ClInclude Include="CopyDlg.h">
      <Filter>Commands\Copy</Filter>
    </ClInclude>
    <ClInclude Include="Commands\ImportCommand.h">
      <Filter>Commands\Import</Filter>
    </ClInclude>
    <ClInclude Include="ImportDlg.h">
      <Filter>Commands\Import</Filter>
    </ClInclude>
    <ClInclude Include="Commands\UpdateCommand.h">
      <Filter>Commands\Update</Filter>
    </ClInclude>
    <ClInclude Include="UpdateDlg.h">
      <Filter>Commands\Update</Filter>
    </ClInclude>
    <ClInclude Include="Commands\AddCommand.h">
      <Filter>Commands\Add</Filter>
    </ClInclude>
    <ClInclude Include="AddDlg.h">
      <Filter>Commands\Add</Filter>
    </ClInclude>
    <ClInclude Include="Commands\RevertCommand.h">
      <Filter>Commands\Revert</Filter>
    </ClInclude>
    <ClInclude Include="RevertDlg.h">
      <Filter>Commands\Revert</Filter>
    </ClInclude>
    <ClInclude Include="Commands\CleanupCommand.h">
      <Filter>Commands\Cleanup</Filter>
    </ClInclude>
    <ClInclude Include="Commands\ResolveCommand.h">
      <Filter>Commands\Resolve</Filter>
    </ClInclude>
    <ClInclude Include="ResolveDlg.h">
      <Filter>Commands\Resolve</Filter>
    </ClInclude>
    <ClInclude Include="Commands\SwitchCommand.h">
      <Filter>Commands\Switch</Filter>
    </ClInclude>
    <ClInclude Include="SwitchDlg.h">
      <Filter>Commands\Switch</Filter>
    </ClInclude>
    <ClInclude Include="Commands\MergeAllCommand.h">
      <Filter>Commands\Merge</Filter>
    </ClInclude>
    <ClInclude Include="MergeAllDlg.h">
      <Filter>Commands\Merge</Filter>
    </ClInclude>
    <ClInclude Include="Commands\MergeCommand.h">
      <Filter>Commands\Merge</Filter>
    </ClInclude>
    <ClInclude Include="MergeWizard.h">
      <Filter>Commands\Merge</Filter>
    </ClInclude>
    <ClInclude Include="MergeWizardBasePage.h">
      <Filter>Commands\Merge</Filter>
    </ClInclude>
    <ClInclude Include="MergeWizardOptions.h">
      <Filter>Commands\Merge</Filter>
    </ClInclude>
    <ClInclude Include="MergeWizardReintegrate.h">
      <Filter>Commands\Merge</Filter>
    </ClInclude>
    <ClInclude Include="MergeWizardRevRange.h">
      <Filter>Commands\Merge</Filter>
    </ClInclude>
    <ClInclude Include="MergeWizardStart.h">
      <Filter>Commands\Merge</Filter>
    </ClInclude>
    <ClInclude Include="MergeWizardTree.h">
      <Filter>Commands\Merge</Filter>
    </ClInclude>
    <ClInclude Include="Commands\SettingsCommand.h">
      <Filter>Commands\Settings</Filter>
    </ClInclude>
    <ClInclude Include="Settings\SetBugTraq.h">
      <Filter>Commands\Settings\Settings Dialog</Filter>
    </ClInclude>
    <ClInclude Include="Settings\SetBugTraqAdv.h">
      <Filter>Commands\Settings\Settings Dialog</Filter>
    </ClInclude>
    <ClInclude Include="Settings\SetDialogs.h">
      <Filter>Commands\Settings\Settings Dialog</Filter>
    </ClInclude>
    <ClInclude Include="Settings\SetHooks.h">
      <Filter>Commands\Settings\Settings Dialog</Filter>
    </ClInclude>
    <ClInclude Include="Settings\SetHooksAdv.h">
      <Filter>Commands\Settings\Settings Dialog</Filter>
    </ClInclude>
    <ClInclude Include="Settings\SetLogCache.h">
      <Filter>Commands\Settings\Settings Dialog</Filter>
    </ClInclude>
    <ClInclude Include="Settings\SetLookAndFeelPage.h">
      <Filter>Commands\Settings\Settings Dialog</Filter>
    </ClInclude>
    <ClInclude Include="Settings\SetMainPage.h">
      <Filter>Commands\Settings\Settings Dialog</Filter>
    </ClInclude>
    <ClInclude Include="Settings\SetMisc.h">
      <Filter>Commands\Settings\Settings Dialog</Filter>
    </ClInclude>
    <ClInclude Include="Settings\SetOverlayIcons.h">
      <Filter>Commands\Settings\Settings Dialog</Filter>
    </ClInclude>
    <ClInclude Include="Settings\SetOverlayPage.h">
      <Filter>Commands\Settings\Settings Dialog</Filter>
    </ClInclude>
    <ClInclude Include="Settings\SetProgsAdvDlg.h">
      <Filter>Commands\Settings\Settings Dialog</Filter>
    </ClInclude>
    <ClInclude Include="Settings\SetProxyPage.h">
      <Filter>Commands\Settings\Settings Dialog</Filter>
    </ClInclude>
    <ClInclude Include="Settings\SetSavedDataPage.h">
      <Filter>Commands\Settings\Settings Dialog</Filter>
    </ClInclude>
    <ClInclude Include="Settings\Settings.h">
      <Filter>Commands\Settings\Settings Dialog</Filter>
    </ClInclude>
    <ClInclude Include="Settings\SettingsAdvanced.h">
      <Filter>Commands\Settings\Settings Dialog</Filter>
    </ClInclude>
    <ClInclude Include="Settings\SettingsColors.h">
      <Filter>Commands\Settings\Settings Dialog</Filter>
    </ClInclude>
    <ClInclude Include="Settings\SettingsLogCaches.h">
      <Filter>Commands\Settings\Settings Dialog</Filter>
    </ClInclude>
    <ClInclude Include="Settings\SettingsProgsDiff.h">
      <Filter>Commands\Settings\Settings Dialog</Filter>
    </ClInclude>
    <ClInclude Include="Settings\SettingsProgsMerge.h">
      <Filter>Commands\Settings\Settings Dialog</Filter>
    </ClInclude>
    <ClInclude Include="Settings\SettingsProgsUniDiff.h">
      <Filter>Commands\Settings\Settings Dialog</Filter>
    </ClInclude>
    <ClInclude Include="Settings\SettingsPropPage.h">
      <Filter>Commands\Settings\Settings Dialog</Filter>
    </ClInclude>
    <ClInclude Include="Settings\SettingsRevGraphColors.h">
      <Filter>Commands\Settings\Settings Dialog</Filter>
    </ClInclude>
    <ClInclude Include="Settings\SettingsRevisionGraph.h">
      <Filter>Commands\Settings\Settings Dialog</Filter>
    </ClInclude>
    <ClInclude Include="Settings\SettingsTBlame.h">
      <Filter>Commands\Settings\Settings Dialog</Filter>
    </ClInclude>
    <ClInclude Include="Settings\ToolAssocDlg.h">
      <Filter>Commands\Settings\Settings Dialog</Filter>
    </ClInclude>
    <ClInclude Include="Commands\RemoveCommand.h">
      <Filter>Commands\Remove</Filter>
    </ClInclude>
    <ClInclude Include="Commands\RenameCommand.h">
      <Filter>Commands\Rename</Filter>
    </ClInclude>
    <ClInclude Include="RenameDlg.h">
      <Filter>Commands\Rename</Filter>
    </ClInclude>
    <ClInclude Include="Commands\DiffCommand.h">
      <Filter>Commands\Diff</Filter>
    </ClInclude>
    <ClInclude Include="Commands\PrevDiffCommand.h">
      <Filter>Commands\Diff</Filter>
    </ClInclude>
    <ClInclude Include="Commands\ShowCompareCommand.h">
      <Filter>Commands\Diff</Filter>
    </ClInclude>
    <ClInclude Include="Commands\UrlDiffCommand.h">
      <Filter>Commands\Diff</Filter>
    </ClInclude>
    <ClInclude Include="UrlDiffDlg.h">
      <Filter>Commands\Diff</Filter>
    </ClInclude>
    <ClInclude Include="Commands\DropCopyAddCommand.h">
      <Filter>Commands\Drop</Filter>
    </ClInclude>
    <ClInclude Include="Commands\DropCopyCommand.h">
      <Filter>Commands\Drop</Filter>
    </ClInclude>
    <ClInclude Include="Commands\DropExportCommand.h">
      <Filter>Commands\Drop</Filter>
    </ClInclude>
    <ClInclude Include="Commands\DropMoveCommand.h">
      <Filter>Commands\Drop</Filter>
    </ClInclude>
    <ClInclude Include="Commands\RelocateCommand.h">
      <Filter>Commands\Relocate</Filter>
    </ClInclude>
    <ClInclude Include="RelocateDlg.h">
      <Filter>Commands\Relocate</Filter>
    </ClInclude>
    <ClInclude Include="ChangedDlg.h">
      <Filter>Commands\RepoStatus</Filter>
    </ClInclude>
    <ClInclude Include="Commands\RepoStatusCommand.h">
      <Filter>Commands\RepoStatus</Filter>
    </ClInclude>
    <ClInclude Include="Commands\RepositoryBrowserCommand.h">
      <Filter>Commands\RepoBrowser</Filter>
    </ClInclude>
    <ClInclude Include="RepoDrags.h">
      <Filter>Commands\RepoBrowser\Repository Browser</Filter>
    </ClInclude>
    <ClInclude Include="RepositoryBar.h">
      <Filter>Commands\RepoBrowser\Repository Browser</Filter>
    </ClInclude>
    <ClInclude Include="RepositoryBrowser.h">
      <Filter>Commands\RepoBrowser\Repository Browser</Filter>
    </ClInclude>
    <ClInclude Include="RepositoryBrowserSelection.h">
      <Filter>Commands\RepoBrowser\Repository Browser</Filter>
    </ClInclude>
    <ClInclude Include="RepositoryLister.h">
      <Filter>Commands\RepoBrowser\Repository Browser</Filter>
    </ClInclude>
    <ClInclude Include="Commands\IgnoreCommand.h">
      <Filter>Commands\%28Un%29Ignore</Filter>
    </ClInclude>
    <ClInclude Include="Commands\UnIgnoreCommand.h">
      <Filter>Commands\%28Un%29Ignore</Filter>
    </ClInclude>
    <ClInclude Include="Blame.h">
      <Filter>Commands\Blame</Filter>
    </ClInclude>
    <ClInclude Include="Commands\BlameCommand.h">
      <Filter>Commands\Blame</Filter>
    </ClInclude>
    <ClInclude Include="BlameDlg.h">
      <Filter>Commands\Blame</Filter>
    </ClInclude>
    <ClInclude Include="Commands\CreatePatchCommand.h">
      <Filter>Commands\CreatePatch</Filter>
    </ClInclude>
    <ClInclude Include="CreatePatchDlg.h">
      <Filter>Commands\CreatePatch</Filter>
    </ClInclude>
    <ClInclude Include="CheckForUpdatesDlg.h">
      <Filter>Commands\UpdateCheck</Filter>
    </ClInclude>
    <ClInclude Include="Commands\UpdateCheckCommand.h">
      <Filter>Commands\UpdateCheck</Filter>
    </ClInclude>
    <ClInclude Include="Commands\RevisionGraphCommand.h">
      <Filter>Commands\RevisionGraph</Filter>
    </ClInclude>
    <ClInclude Include="RevisionGraph\SimpleList.h">
      <Filter>Commands\RevisionGraph</Filter>
    </ClInclude>
    <ClInclude Include="RevisionGraph\IRevisionGraphLayout.h">
      <Filter>Commands\RevisionGraph\Layout</Filter>
    </ClInclude>
    <ClInclude Include="RevisionGraph\StandardLayout.h">
      <Filter>Commands\RevisionGraph\Layout</Filter>
    </ClInclude>
    <ClInclude Include="RevisionGraph\StandardLayoutConnectionList.h">
      <Filter>Commands\RevisionGraph\Layout</Filter>
    </ClInclude>
    <ClInclude Include="RevisionGraph\StandardLayoutNodeList.h">
      <Filter>Commands\RevisionGraph\Layout</Filter>
    </ClInclude>
    <ClInclude Include="RevisionGraph\StandardLayoutRectList.h">
      <Filter>Commands\RevisionGraph\Layout</Filter>
    </ClInclude>
    <ClInclude Include="RevisionGraph\StandardLayoutTextList.h">
      <Filter>Commands\RevisionGraph\Layout</Filter>
    </ClInclude>
    <ClInclude Include="RevisionGraph\FullGraph.h">
      <Filter>Commands\RevisionGraph\FullGraph</Filter>
    </ClInclude>
    <ClInclude Include="RevisionGraph\FullGraphBuilder.h">
      <Filter>Commands\RevisionGraph\FullGraph</Filter>
    </ClInclude>
    <ClInclude Include="RevisionGraph\FullGraphFinalizer.h">
      <Filter>Commands\RevisionGraph\FullGraph</Filter>
    </ClInclude>
    <ClInclude Include="RevisionGraph\FullGraphNode.h">
      <Filter>Commands\RevisionGraph\FullGraph</Filter>
    </ClInclude>
    <ClInclude Include="RevisionGraph\FullHistory.h">
      <Filter>Commands\RevisionGraph\FullGraph</Filter>
    </ClInclude>
    <ClInclude Include="RevisionGraph\NodeClassification.h">
      <Filter>Commands\RevisionGraph\FullGraph</Filter>
    </ClInclude>
    <ClInclude Include="RevisionGraph\PathClassificator.h">
      <Filter>Commands\RevisionGraph\FullGraph</Filter>
    </ClInclude>
    <ClInclude Include="RevisionGraph\SearchPathTree.h">
      <Filter>Commands\RevisionGraph\FullGraph</Filter>
    </ClInclude>
    <ClInclude Include="RevisionGraph\GraphNodeState.h">
      <Filter>Commands\RevisionGraph\VisibleGraph</Filter>
    </ClInclude>
    <ClInclude Include="RevisionGraph\VisibleGraph.h">
      <Filter>Commands\RevisionGraph\VisibleGraph</Filter>
    </ClInclude>
    <ClInclude Include="RevisionGraph\VisibleGraphBuilder.h">
      <Filter>Commands\RevisionGraph\VisibleGraph</Filter>
    </ClInclude>
    <ClInclude Include="RevisionGraph\VisibleGraphNode.h">
      <Filter>Commands\RevisionGraph\VisibleGraph</Filter>
    </ClInclude>
    <ClInclude Include="RevisionGraph\RevGraphFilterDlg.h">
      <Filter>Commands\RevisionGraph\UI</Filter>
    </ClInclude>
    <ClInclude Include="RevisionGraph\RevisionGraphDlg.h">
      <Filter>Commands\RevisionGraph\UI</Filter>
    </ClInclude>
    <ClInclude Include="RevisionGraph\RevisionGraphState.h">
      <Filter>Commands\RevisionGraph\UI</Filter>
    </ClInclude>
    <ClInclude Include="RevisionGraph\RevisionGraphWnd.h">
      <Filter>Commands\RevisionGraph\UI</Filter>
    </ClInclude>
    <ClInclude Include="RevisionGraph\AllGraphOptions.h">
      <Filter>Commands\RevisionGraph\Options</Filter>
    </ClInclude>
    <ClInclude Include="RevisionGraph\CopyFilterOptions.h">
      <Filter>Commands\RevisionGraph\Options</Filter>
    </ClInclude>
    <ClInclude Include="RevisionGraph\LayoutOptions.h">
      <Filter>Commands\RevisionGraph\Options</Filter>
    </ClInclude>
    <ClInclude Include="RevisionGraph\ModificationOptions.h">
      <Filter>Commands\RevisionGraph\Options</Filter>
    </ClInclude>
    <ClInclude Include="RevisionGraph\RevisionGraphOptions.h">
      <Filter>Commands\RevisionGraph\Options</Filter>
    </ClInclude>
    <ClInclude Include="RevisionGraph\RevisionGraphOptionsImpl.h">
      <Filter>Commands\RevisionGraph\Options</Filter>
    </ClInclude>
    <ClInclude Include="RevisionGraph\ShowPathsAsDiff.h">
      <Filter>Commands\RevisionGraph\Options\Layout</Filter>
    </ClInclude>
    <ClInclude Include="RevisionGraph\StandardNodePositioning.h">
      <Filter>Commands\RevisionGraph\Options\Layout</Filter>
    </ClInclude>
    <ClInclude Include="RevisionGraph\StandardNodeSizeAssignment.h">
      <Filter>Commands\RevisionGraph\Options\Layout</Filter>
    </ClInclude>
    <ClInclude Include="RevisionGraph\StrictOrderNodePositioning.h">
      <Filter>Commands\RevisionGraph\Options\Layout</Filter>
    </ClInclude>
    <ClInclude Include="RevisionGraph\TopAlignTrees.h">
      <Filter>Commands\RevisionGraph\Options\Layout</Filter>
    </ClInclude>
    <ClInclude Include="RevisionGraph\UpsideDownLayout.h">
      <Filter>Commands\RevisionGraph\Options\Layout</Filter>
    </ClInclude>
    <ClInclude Include="RevisionGraph\RemoveDeletedBranches.h">
      <Filter>Commands\RevisionGraph\Options\Copy</Filter>
    </ClInclude>
    <ClInclude Include="RevisionGraph\RemovePathsBySubString.h">
      <Filter>Commands\RevisionGraph\Options\Copy</Filter>
    </ClInclude>
    <ClInclude Include="RevisionGraph\RemoveSimpleChanges.h">
      <Filter>Commands\RevisionGraph\Options\Copy</Filter>
    </ClInclude>
    <ClInclude Include="RevisionGraph\RevisionInRange.h">
      <Filter>Commands\RevisionGraph\Options\Copy</Filter>
    </ClInclude>
    <ClInclude Include="RevisionGraph\ShowHeads.h">
      <Filter>Commands\RevisionGraph\Options\Copy</Filter>
    </ClInclude>
    <ClInclude Include="RevisionGraph\ShowWC.h">
      <Filter>Commands\RevisionGraph\Options\Copy</Filter>
    </ClInclude>
    <ClInclude Include="RevisionGraph\ShowWCModification.h">
      <Filter>Commands\RevisionGraph\Options\Copy</Filter>
    </ClInclude>
    <ClInclude Include="RevisionGraph\CollapseTreeDownward.h">
      <Filter>Commands\RevisionGraph\Options\Modification</Filter>
    </ClInclude>
    <ClInclude Include="RevisionGraph\CollapseTreeUpward.h">
      <Filter>Commands\RevisionGraph\Options\Modification</Filter>
    </ClInclude>
    <ClInclude Include="RevisionGraph\CutTrees.h">
      <Filter>Commands\RevisionGraph\Options\Modification</Filter>
    </ClInclude>
    <ClInclude Include="RevisionGraph\ExactCopyFroms.h">
      <Filter>Commands\RevisionGraph\Options\Modification</Filter>
    </ClInclude>
    <ClInclude Include="RevisionGraph\FoldTags.h">
      <Filter>Commands\RevisionGraph\Options\Modification</Filter>
    </ClInclude>
    <ClInclude Include="RevisionGraph\RemoveUnchangedBranches.h">
      <Filter>Commands\RevisionGraph\Options\Modification</Filter>
    </ClInclude>
    <ClInclude Include="RevisionGraph\ShowTreeStripes.h">
      <Filter>Commands\RevisionGraph\Options\Other</Filter>
    </ClInclude>
    <ClInclude Include="Commands\LockCommand.h">
      <Filter>Commands\%28Un%29Lock</Filter>
    </ClInclude>
    <ClInclude Include="LockDlg.h">
      <Filter>Commands\%28Un%29Lock</Filter>
    </ClInclude>
    <ClInclude Include="Commands\UnLockCommand.h">
      <Filter>Commands\%28Un%29Lock</Filter>
    </ClInclude>
    <ClInclude Include="UnlockDlg.h">
      <Filter>Commands\%28Un%29Lock</Filter>
    </ClInclude>
    <ClInclude Include="Commands\PropertiesCommand.h">
      <Filter>Commands\Properties</Filter>
    </ClInclude>
    <ClInclude Include="DeleteUnversionedDlg.h">
      <Filter>Commands\DelUnversioned</Filter>
    </ClInclude>
    <ClInclude Include="Commands\DelUnversionedCommand.h">
      <Filter>Commands\DelUnversioned</Filter>
    </ClInclude>
    <ClInclude Include="Commands\PasteCopyCommand.h">
      <Filter>Commands\Paste</Filter>
    </ClInclude>
    <ClInclude Include="Commands\PasteMoveCommand.h">
      <Filter>Commands\Paste</Filter>
    </ClInclude>
    <ClInclude Include="Commands\ConflictEditorCommand.h">
      <Filter>Commands\ConflictEditor</Filter>
    </ClInclude>
    <ClInclude Include="EditPropConflictDlg.h">
      <Filter>Commands\ConflictEditor</Filter>
    </ClInclude>
    <ClInclude Include="TreeConflictEditorDlg.h">
      <Filter>Commands\ConflictEditor</Filter>
    </ClInclude>
    <ClInclude Include="Commands\EditFileCommand.h">
      <Filter>Commands\EditFile</Filter>
    </ClInclude>
    <ClInclude Include="ConflictResolveDlg.h">
      <Filter>Utility Dialogs</Filter>
    </ClInclude>
    <ClInclude Include="CreateChangelistDlg.h">
      <Filter>Utility Dialogs</Filter>
    </ClInclude>
    <ClInclude Include="FileDiffDlg.h">
      <Filter>Utility Dialogs</Filter>
    </ClInclude>
    <ClInclude Include="GoOffline.h">
      <Filter>Utility Dialogs</Filter>
    </ClInclude>
    <ClInclude Include="HistoryDlg.h">
      <Filter>Utility Dialogs</Filter>
    </ClInclude>
    <ClInclude Include="InputDlg.h">
      <Filter>Utility Dialogs</Filter>
    </ClInclude>
    <ClInclude Include="InputLogDlg.h">
      <Filter>Utility Dialogs</Filter>
    </ClInclude>
    <ClInclude Include="LogCacheStatisticsDlg.h">
      <Filter>Utility Dialogs</Filter>
    </ClInclude>
    <ClInclude Include="PromptDlg.h">
      <Filter>Utility Dialogs</Filter>
    </ClInclude>
    <ClInclude Include="PropDlg.h">
      <Filter>Utility Dialogs</Filter>
    </ClInclude>
    <ClInclude Include="RevisionDlg.h">
      <Filter>Utility Dialogs</Filter>
    </ClInclude>
    <ClInclude Include="RevisionRangeDlg.h">
      <Filter>Utility Dialogs</Filter>
    </ClInclude>
    <ClInclude Include="SimplePrompt.h">
      <Filter>Utility Dialogs</Filter>
    </ClInclude>
    <ClInclude Include="SVNProgressDlg.h">
      <Filter>Utility Dialogs</Filter>
    </ClInclude>
    <ClInclude Include="URLDlg.h">
      <Filter>Utility Dialogs</Filter>
    </ClInclude>
    <ClInclude Include="Properties\EditPropertiesDlg.h">
      <Filter>Commands\Properties</Filter>
    </ClInclude>
    <ClInclude Include="Properties\EditPropertyValueDlg.h">
      <Filter>Commands\Properties</Filter>
    </ClInclude>
    <ClInclude Include="Properties\EditPropExecutable.h">
      <Filter>Commands\Properties</Filter>
    </ClInclude>
    <ClInclude Include="Properties\EditPropExternals.h">
      <Filter>Commands\Properties</Filter>
    </ClInclude>
    <ClInclude Include="Properties\EditPropExternalsValue.h">
      <Filter>Commands\Properties</Filter>
    </ClInclude>
    <ClInclude Include="Properties\EditPropKeywords.h">
      <Filter>Commands\Properties</Filter>
    </ClInclude>
    <ClInclude Include="Properties\EditPropMimeType.h">
      <Filter>Commands\Properties</Filter>
    </ClInclude>
    <ClInclude Include="Properties\EditPropNeedsLock.h">
      <Filter>Commands\Properties</Filter>
    </ClInclude>
    <ClInclude Include="Properties\EditPropTSVNLang.h">
      <Filter>Commands\Properties</Filter>
    </ClInclude>
    <ClInclude Include="Properties\EditPropTSVNSizes.h">
      <Filter>Commands\Properties</Filter>
    </ClInclude>
    <ClInclude Include="Properties\EditPropBase.h">
      <Filter>Commands\Properties</Filter>
    </ClInclude>
    <ClInclude Include="Properties\EditPropBugtraq.h">
      <Filter>Commands\Properties</Filter>
    </ClInclude>
    <ClInclude Include="Properties\EditPropEOL.h">
      <Filter>Commands\Properties</Filter>
    </ClInclude>
    <ClInclude Include="Settings\SetOverlayHandlers.h">
      <Filter>Commands\Settings\Settings Dialog</Filter>
    </ClInclude>
    <ClInclude Include="..\Utils\MiscUI\ControlsBridge.h">
      <Filter>Utils\UI</Filter>
    </ClInclude>
    <ClInclude Include="Resource.h">
      <Filter>Misc</Filter>
    </ClInclude>
    <ClInclude Include="TortoiseProc.h">
      <Filter>Misc</Filter>
    </ClInclude>
    <ClInclude Include="stdafx.h">
      <Filter>Misc</Filter>
    </ClInclude>
    <ClInclude Include="..\Utils\Libraries.h">
      <Filter>Utils\General</Filter>
    </ClInclude>
    <ClInclude Include="BstrSafeVector.h">
      <Filter>Utils\General</Filter>
    </ClInclude>
    <ClInclude Include="Commands\WcUpgradeCommand.h">
      <Filter>Commands\Misc</Filter>
    </ClInclude>
    <ClInclude Include="..\Utils\CommonAppUtils.h">
      <Filter>Utils\General</Filter>
    </ClInclude>
    <ClInclude Include="..\Utils\IconExtractor.h">
      <Filter>Utils\General</Filter>
    </ClInclude>
    <ClInclude Include="..\Utils\IInputValidator.h">
      <Filter>Utils\General</Filter>
    </ClInclude>
    <ClInclude Include="RevisionGraph\RemoveTags.h">
      <Filter>Commands\RevisionGraph\Options\Copy</Filter>
    </ClInclude>
    <ClInclude Include="..\SVN\SVNReadProperties.h">
      <Filter>Subversion</Filter>
    </ClInclude>
    <ClInclude Include="..\Utils\MiscUI\FileDlgEventHandler.h">
      <Filter>Utils\UI</Filter>
    </ClInclude>
    <ClInclude Include="..\Utils\MiscUI\SVG.h">
      <Filter>Utils\UI</Filter>
    </ClInclude>
    <ClInclude Include="..\SVN\SVNBase.h">
      <Filter>Subversion</Filter>
    </ClInclude>
    <ClInclude Include="..\Utils\ReaderWriterLock.h">
      <Filter>Utils\General</Filter>
    </ClInclude>
    <ClInclude Include="..\Utils\StringBuffer.h">
      <Filter>Utils\General</Filter>
    </ClInclude>
    <ClInclude Include="..\Utils\SmartHandle.h">
      <Filter>Utils\UI</Filter>
    </ClInclude>
    <ClInclude Include="..\Utils\MiscUI\TripleClick.h">
      <Filter>Utils\UI</Filter>
    </ClInclude>
    <ClInclude Include="..\Utils\MiscUI\XMessageBox.h">
      <Filter>Utils\UI</Filter>
    </ClInclude>
    <ClInclude Include="..\Utils\MiscUI\MessageBox.h">
      <Filter>Utils\UI</Filter>
    </ClInclude>
    <ClInclude Include="DiffOptionsDlg.h">
      <Filter>Utility Dialogs</Filter>
    </ClInclude>
    <ClInclude Include="Commands\CreateRepositoryCommand.h">
      <Filter>Commands\RepoCreate</Filter>
    </ClInclude>
    <ClInclude Include="RepoCreationFinished.h">
      <Filter>Commands\RepoCreate</Filter>
    </ClInclude>
    <ClInclude Include="..\Utils\MiscUI\RegexEdit.h">
      <Filter>Utils\UI</Filter>
    </ClInclude>
    <ClInclude Include="BugtraqRegexTestDlg.h">
      <Filter>Commands\Properties</Filter>
    </ClInclude>
    <ClInclude Include="CleanupDlg.h">
      <Filter>Commands\Cleanup</Filter>
    </ClInclude>
    <ClInclude Include="..\Utils\MiscUI\HintCtrl.h">
      <Filter>Utils\UI</Filter>
    </ClInclude>
  </ItemGroup>
  <ItemGroup>
    <None Include="..\Resources\actionadded.ico">
      <Filter>Resource Files</Filter>
    </None>
    <None Include="..\Resources\actiondeleted.ico">
      <Filter>Resource Files</Filter>
    </None>
    <None Include="..\Resources\actionmerged.ico">
      <Filter>Resource Files</Filter>
    </None>
    <None Include="..\Resources\actionmodified.ico">
      <Filter>Resource Files</Filter>
    </None>
    <None Include="..\Resources\actionreplaced.ico">
      <Filter>Resource Files</Filter>
    </None>
    <None Include="..\Resources\AddBackground.ico">
      <Filter>Resource Files</Filter>
    </None>
    <None Include="..\Resources\bin167.avi">
      <Filter>Resource Files</Filter>
    </None>
    <None Include="..\Resources\bin168.avi">
      <Filter>Resource Files</Filter>
    </None>
    <None Include="..\Resources\bugtraq.ico">
      <Filter>Resource Files</Filter>
    </None>
    <None Include="..\Resources\cache.ico">
      <Filter>Resource Files</Filter>
    </None>
    <None Include="..\Resources\CacheList.ico">
      <Filter>Resource Files</Filter>
    </None>
    <None Include="..\Resources\cancel-normal.ico">
      <Filter>Resource Files</Filter>
    </None>
    <None Include="..\Resources\cancel-pressed.ico">
      <Filter>Resource Files</Filter>
    </None>
    <None Include="..\Resources\CFMBackground.ico">
      <Filter>Resource Files</Filter>
    </None>
    <None Include="..\Resources\CheckoutBackground.ico">
      <Filter>Resource Files</Filter>
    </None>
    <None Include="..\Resources\cleananim.avi">
      <Filter>Resource Files</Filter>
    </None>
    <None Include="..\Resources\CommitBackground.ico">
      <Filter>Resource Files</Filter>
    </None>
    <None Include="..\Resources\CommitBackgroundBranches.ico">
      <Filter>Resource Files</Filter>
    </None>
    <None Include="..\Resources\copy.ico">
      <Filter>Resource Files</Filter>
    </None>
    <None Include="..\Resources\CopyBackground.ico">
      <Filter>Resource Files</Filter>
    </None>
    <None Include="..\Resources\DelunversionedBackground.ico">
      <Filter>Resource Files</Filter>
    </None>
    <None Include="..\Resources\depthemptyovl.ico">
      <Filter>Resource Files</Filter>
    </None>
    <None Include="..\Resources\depthfilesovl.ico">
      <Filter>Resource Files</Filter>
    </None>
    <None Include="..\Resources\depthimmediatesovl.ico">
      <Filter>Resource Files</Filter>
    </None>
    <None Include="..\Resources\dialogs.ico">
      <Filter>Resource Files</Filter>
    </None>
    <None Include="..\Resources\download.avi">
      <Filter>Resource Files</Filter>
    </None>
    <None Include="..\Resources\Drives.ico">
      <Filter>Resource Files</Filter>
    </None>
    <None Include="..\Resources\explorer.ico">
      <Filter>Resource Files</Filter>
    </None>
    <None Include="..\Resources\ExportBackground.ico">
      <Filter>Resource Files</Filter>
    </None>
    <None Include="..\Resources\externalovl.ico">
      <Filter>Resource Files</Filter>
    </None>
    <None Include="..\Resources\filteredit.ico">
      <Filter>Resource Files</Filter>
    </None>
    <None Include="..\Resources\general.ico">
      <Filter>Resource Files</Filter>
    </None>
    <None Include="..\Resources\graph-bar-stacked.ico">
      <Filter>Resource Files</Filter>
    </None>
    <None Include="..\Resources\graph-bar.ico">
      <Filter>Resource Files</Filter>
    </None>
    <None Include="..\Resources\graph-line-stacked.ico">
      <Filter>Resource Files</Filter>
    </None>
    <None Include="..\Resources\graph-line.ico">
      <Filter>Resource Files</Filter>
    </None>
    <None Include="..\Resources\graph-pie.ico">
      <Filter>Resource Files</Filter>
    </None>
    <None Include="..\Resources\hook.ico">
      <Filter>Resource Files</Filter>
    </None>
    <None Include="..\Resources\iconset.ico">
      <Filter>Resource Files</Filter>
    </None>
    <None Include="..\Resources\ImportBackground.ico">
      <Filter>Resource Files</Filter>
    </None>
    <None Include="..\Resources\lineadded.ico">
      <Filter>Resource Files</Filter>
    </None>
    <None Include="..\Resources\lineconflicted.ico">
      <Filter>Resource Files</Filter>
    </None>
    <None Include="..\Resources\lineremoved.ico">
      <Filter>Resource Files</Filter>
    </None>
    <None Include="..\Resources\link.ico">
      <Filter>Resource Files</Filter>
    </None>
    <None Include="..\Resources\LockBackground.ico">
      <Filter>Resource Files</Filter>
    </None>
    <None Include="..\Resources\logfilter.ico">
      <Filter>Resource Files</Filter>
    </None>
    <None Include="..\Resources\lookandfeel.ico">
      <Filter>Resource Files</Filter>
    </None>
    <None Include="..\Resources\menuabout.ico">
      <Filter>Resource Files</Filter>
    </None>
    <None Include="..\Resources\menuadd.ico">
      <Filter>Resource Files</Filter>
    </None>
    <None Include="..\Resources\menublame.ico">
      <Filter>Resource Files</Filter>
    </None>
    <None Include="..\Resources\menucheckout.ico">
      <Filter>Resource Files</Filter>
    </None>
    <None Include="..\Resources\menucleanup.ico">
      <Filter>Resource Files</Filter>
    </None>
    <None Include="..\Resources\menucommit.ico">
      <Filter>Resource Files</Filter>
    </None>
    <None Include="..\Resources\menucompare.ico">
      <Filter>Resource Files</Filter>
    </None>
    <None Include="..\Resources\menuconflict.ico">
      <Filter>Resource Files</Filter>
    </None>
    <None Include="..\Resources\menucopy.ico">
      <Filter>Resource Files</Filter>
    </None>
    <None Include="..\Resources\menucreaterepos.ico">
      <Filter>Resource Files</Filter>
    </None>
    <None Include="..\Resources\menudelete.ico">
      <Filter>Resource Files</Filter>
    </None>
    <None Include="..\Resources\menudiff.ico">
      <Filter>Resource Files</Filter>
    </None>
    <None Include="..\Resources\menuexport.ico">
      <Filter>Resource Files</Filter>
    </None>
    <None Include="..\Resources\menuhelp.ico">
      <Filter>Resource Files</Filter>
    </None>
    <None Include="..\Resources\menuignore.ico">
      <Filter>Resource Files</Filter>
    </None>
    <None Include="..\Resources\menuimport.ico">
      <Filter>Resource Files</Filter>
    </None>
    <None Include="..\Resources\menulog.ico">
      <Filter>Resource Files</Filter>
    </None>
    <None Include="..\Resources\menumerge.ico">
      <Filter>Resource Files</Filter>
    </None>
    <None Include="..\Resources\menupatch.ico">
      <Filter>Resource Files</Filter>
    </None>
    <None Include="..\Resources\menurelocate.ico">
      <Filter>Resource Files</Filter>
    </None>
    <None Include="..\Resources\menurename.ico">
      <Filter>Resource Files</Filter>
    </None>
    <None Include="..\Resources\menurepobrowse.ico">
      <Filter>Resource Files</Filter>
    </None>
    <None Include="..\Resources\menuresolve.ico">
      <Filter>Resource Files</Filter>
    </None>
    <None Include="..\Resources\menurevert.ico">
      <Filter>Resource Files</Filter>
    </None>
    <None Include="..\Resources\menusettings.ico">
      <Filter>Resource Files</Filter>
    </None>
    <None Include="..\Resources\menushowchanged.ico">
      <Filter>Resource Files</Filter>
    </None>
    <None Include="..\Resources\menuswitch.ico">
      <Filter>Resource Files</Filter>
    </None>
    <None Include="..\Resources\menuupdate.ico">
      <Filter>Resource Files</Filter>
    </None>
    <None Include="..\Resources\MergeBackground.ico">
      <Filter>Resource Files</Filter>
    </None>
    <None Include="..\Resources\MergeWizardTitle.bmp">
      <Filter>Resource Files</Filter>
    </None>
    <None Include="..\Resources\misc.ico">
      <Filter>Resource Files</Filter>
    </None>
    <None Include="..\resources\nestedovl.ico">
      <Filter>Resource Files</Filter>
    </None>
    <None Include="..\Resources\newfolder.ico">
      <Filter>Resource Files</Filter>
    </None>
    <None Include="..\Resources\open.ico">
      <Filter>Resource Files</Filter>
    </None>
    <None Include="..\Resources\Overlays.ico">
      <Filter>Resource Files</Filter>
    </None>
    <None Include="..\Resources\pan.cur">
      <Filter>Resource Files</Filter>
    </None>
    <None Include="..\Resources\pandown.cur">
      <Filter>Resource Files</Filter>
    </None>
    <None Include="..\Resources\proxy.ico">
      <Filter>Resource Files</Filter>
    </None>
    <None Include="..\Resources\refresh.ico">
      <Filter>Resource Files</Filter>
    </None>
    <None Include="..\Resources\RenameBackground.ico">
      <Filter>Resource Files</Filter>
    </None>
    <None Include="..\Resources\repo_file.ico">
      <Filter>Resource Files</Filter>
    </None>
    <None Include="..\Resources\repo_http.ico">
      <Filter>Resource Files</Filter>
    </None>
    <None Include="..\Resources\repo_https.ico">
      <Filter>Resource Files</Filter>
    </None>
    <None Include="..\Resources\repo_svn+ssh.ico">
      <Filter>Resource Files</Filter>
    </None>
    <None Include="..\Resources\repo_svn.ico">
      <Filter>Resource Files</Filter>
    </None>
    <None Include="..\Resources\repo_unknown.ico">
      <Filter>Resource Files</Filter>
    </None>
    <None Include="..\Resources\ResolveBackground.ico">
      <Filter>Resource Files</Filter>
    </None>
    <None Include="..\Resources\RevertBackground.ico">
      <Filter>Resource Files</Filter>
    </None>
    <None Include="..\Resources\revgraph_added.ico">
      <Filter>Resource Files</Filter>
    </None>
    <None Include="..\Resources\revgraph_addedplus.ico">
      <Filter>Resource Files</Filter>
    </None>
    <None Include="..\Resources\revgraph_deleted.ico">
      <Filter>Resource Files</Filter>
    </None>
    <None Include="..\Resources\revgraph_lastcommit.ico">
      <Filter>Resource Files</Filter>
    </None>
    <None Include="..\Resources\revgraph_renamed.ico">
      <Filter>Resource Files</Filter>
    </None>
    <None Include="..\Resources\revgraph_replaced.ico">
      <Filter>Resource Files</Filter>
    </None>
    <None Include="..\Resources\revgraph_tag.ico">
      <Filter>Resource Files</Filter>
    </None>
    <None Include="..\Resources\revgraphbar.bmp">
      <Filter>Resource Files</Filter>
    </None>
    <None Include="..\Resources\revgraphglyphs.bmp">
      <Filter>Resource Files</Filter>
    </None>
    <None Include="..\Resources\RevisionGraph.ico">
      <Filter>Resource Files</Filter>
    </None>
    <None Include="..\Resources\save.ico">
      <Filter>Resource Files</Filter>
    </None>
    <None Include="..\Resources\saveas.ico">
      <Filter>Resource Files</Filter>
    </None>
    <None Include="..\Resources\saveddata.ico">
      <Filter>Resource Files</Filter>
    </None>
    <None Include="..\Resources\search.avi">
      <Filter>Resource Files</Filter>
    </None>
    <None Include="..\Resources\ssh.ico">
      <Filter>Resource Files</Filter>
    </None>
    <None Include="..\Resources\switch.ico">
      <Filter>Resource Files</Filter>
    </None>
    <None Include="..\Resources\SwitchBackground.ico">
      <Filter>Resource Files</Filter>
    </None>
    <None Include="..\Resources\Toolbar.bmp">
      <Filter>Resource Files</Filter>
    </None>
    <None Include="..\Resources\Tortoise.ico">
      <Filter>Resource Files</Filter>
    </None>
    <None Include="..\TortoiseBlame\TortoiseBlame.ico">
      <Filter>Resource Files</Filter>
    </None>
    <None Include="..\Resources\TortoiseMerge.ico">
      <Filter>Resource Files</Filter>
    </None>
    <None Include="..\Resources\TortoiseProc.rc2">
      <Filter>Resource Files</Filter>
    </None>
    <None Include="..\Resources\TortoiseShell.rc2">
      <Filter>Resource Files</Filter>
    </None>
    <None Include="..\Resources\tortoisesvn_logoflipped.bmp">
      <Filter>Resource Files</Filter>
    </None>
    <None Include="..\Resources\ttf_glyph.bmp">
      <Filter>Resource Files</Filter>
    </None>
    <None Include="..\Resources\UnlockBackground.ico">
      <Filter>Resource Files</Filter>
    </None>
    <None Include="..\Resources\up.ico">
      <Filter>Resource Files</Filter>
    </None>
    <None Include="..\Resources\UpdateBackground.ico">
      <Filter>Resource Files</Filter>
    </None>
    <None Include="..\Resources\warning-general.ico">
      <Filter>Resource Files</Filter>
    </None>
    <None Include="..\Resources\Library.ico">
      <Filter>Resource Files</Filter>
    </None>
    <None Include="..\Resources\svnfolder.ico">
      <Filter>Resource Files</Filter>
    </None>
    <None Include="aerobackground.ico">
      <Filter>Resource Files</Filter>
    </None>
    <None Include="..\Resources\aerobackground.ico">
      <Filter>Resource Files</Filter>
    </None>
    <None Include="actionreversemerged.ico">
      <Filter>Resource Files</Filter>
    </None>
    <None Include="..\Resources\actionreversemerged.ico">
      <Filter>Resource Files</Filter>
    </None>
  </ItemGroup>
  <ItemGroup>
    <ResourceCompile Include="..\Resources\TortoiseProcENG.rc">
      <Filter>Resource Files</Filter>
    </ResourceCompile>
  </ItemGroup>
</Project>