<?xml version="1.0" encoding="utf-8"?>
<Project ToolsVersion="4.0" xmlns="http://schemas.microsoft.com/developer/msbuild/2003">
  <ItemGroup>
    <ClInclude Include="stdafx.h" />
    <ClInclude Include="..\..\Utils\PathUtils.h">
      <Filter>Utils</Filter>
    </ClInclude>
    <ClInclude Include="TestTempFile.h">
      <Filter>TestUtils</Filter>
    </ClInclude>
  </ItemGroup>
  <ItemGroup>
    <ClCompile Include="CachedLogInfoTests.cpp" />
    <ClCompile Include="stdafx.cpp" />
    <ClCompile Include="..\..\Utils\PathUtils.cpp">
      <Filter>Utils</Filter>
    </ClCompile>
    <ClCompile Include="TestTempFile.cpp">
      <Filter>TestUtils</Filter>
    </ClCompile>
    <ClCompile Include="StringDictionaryTests.cpp" />
    <ClCompile Include="HierachicalStreamTests.cpp" />
  </ItemGroup>
  <ItemGroup>
    <Filter Include="Utils">
      <UniqueIdentifier>{75f6aae1-b04c-498c-81bc-1fce26989fc8}</UniqueIdentifier>
    </Filter>
    <Filter Include="TestUtils">
      <UniqueIdentifier>{77695092-8e6e-43a9-9f81-f89085df1e49}</UniqueIdentifier>
    </Filter>
  </ItemGroup>
</Project>