
Microsoft Visual Studio Solution File, Format Version 12.00
# Visual Studio Version 16
VisualStudioVersion = 16.0.28729.10
MinimumVisualStudioVersion = 10.0.40219.1
Project("{FAE04EC0-301F-11D3-BF4B-00C04F79EFBC}") = "Interop.BugTraqProvider", "Interop.BugTraqProvider.csproj", "{09193635-8436-4E15-8463-C71FDB84E55D}"
EndProject
Global
	GlobalSection(SolutionConfigurationPlatforms) = preSolution
		Debug|Any CPU = Debug|Any CPU
		Release|Any CPU = Release|Any CPU
	EndGlobalSection
	GlobalSection(ProjectConfigurationPlatforms) = postSolution
		{09193635-8436-4E15-8463-C71FDB84E55D}.Debug|Any CPU.ActiveCfg = Debug|Any CPU
		{09193635-8436-4E15-8463-C71FDB84E55D}.Debug|Any CPU.Build.0 = Debug|Any CPU
		{09193635-8436-4E15-8463-C71FDB84E55D}.Release|Any CPU.ActiveCfg = Release|Any CPU
		{09193635-8436-4E15-8463-C71FDB84E55D}.Release|Any CPU.Build.0 = Release|Any CPU
	EndGlobalSection
	GlobalSection(SolutionProperties) = preSolution
		HideSolutionNode = FALSE
	EndGlobalSection
	GlobalSection(ExtensibilityGlobals) = postSolution
		SolutionGuid = {223A3587-2D39-45D4-8698-CCF839577A24}
	EndGlobalSection
EndGlobal
