Microsoft Visual Studio Solution File, Format Version 9.00
# Visual Studio 2005
Project("{8BC9CEB8-8B4A-11D0-8D11-00A0C91BC942}") = "TortoiseShell", "TortoiseShell\TortoiseShell.vcproj", "{E873DD32-5A31-4DE1-8341-A56A2A5489EA}"
EndProject
Project("{8BC9CEB8-8B4A-11D0-8D11-00A0C91BC942}") = "TortoiseProc", "TortoiseProc\TortoiseProc.vcproj", "{50797F06-39C5-4802-8E2B-7B7A4EF03214}"
	ProjectSection(ProjectDependencies) = postProject
		{4BE529FB-C2F2-49F7-A897-054B955564CF} = {4BE529FB-C2F2-49F7-A897-054B955564CF}
	EndProjectSection
EndProject
Project("{8BC9CEB8-8B4A-11D0-8D11-00A0C91BC942}") = "CrashRpt", "crashrpt\CrashRpt.vcproj", "{13BC1836-2726-45C4-9249-5BA2BBBF8328}"
EndProject
Project("{8BC9CEB8-8B4A-11D0-8D11-00A0C91BC942}") = "TortoisePlink", "TortoisePlink\TortoisePlink.vcproj", "{B439B09E-7390-4CEB-A1DD-745CF976F2BB}"
EndProject
Project("{8BC9CEB8-8B4A-11D0-8D11-00A0C91BC942}") = "TortoiseMerge", "TortoiseMerge\TortoiseMerge.vcproj", "{8ABB4F84-891A-4748-8507-F5494842173E}"
EndProject
Project("{8BC9CEB8-8B4A-11D0-8D11-00A0C91BC942}") = "SubWCRev", "SubWCRev\SubWCRev.vcproj", "{1F29DBDD-7DFF-4178-98F0-9137636788BC}"
EndProject
Project("{8BC9CEB8-8B4A-11D0-8D11-00A0C91BC942}") = "ResizableLib", "..\ext\ResizableLib\ResizableLib.vcproj", "{4BE529FB-C2F2-49F7-A897-054B955564CF}"
EndProject
Project("{8BC9CEB8-8B4A-11D0-8D11-00A0C91BC942}") = "ResText", "ResText\ResText.vcproj", "{72EFB681-1397-4193-BBF9-CA05AC52B75D}"
EndProject
Project("{8BC9CEB8-8B4A-11D0-8D11-00A0C91BC942}") = "TortoiseBlame", "TortoiseBlame\TortoiseBlame.vcproj", "{4424F9D2-12EE-49A7-941E-45767900BEA3}"
EndProject
Project("{8BC9CEB8-8B4A-11D0-8D11-00A0C91BC942}") = "TSVNCache", "TSVNCache\TSVNCache.vcproj", "{A00D2EDC-B4F5-4B41-94BA-13961DE5D296}"
EndProject
Project("{8BC9CEB8-8B4A-11D0-8D11-00A0C91BC942}") = "CustomActions", "TortoiseSVNSetup\CustomActions\CustomActions.vcproj", "{454D5FCC-E25A-4B45-9CA2-01ABB0FA5181}"
EndProject
Project("{2150E333-8FDC-42A3-9474-1A3956D46DE8}") = "Solution Items", "Solution Items", "{C654C2E8-557C-4C63-A9D1-E52A38D5509E}"
	ProjectSection(SolutionItems) = preProject
		..\build.txt = ..\build.txt
		Changelog.txt = Changelog.txt
		Debug-Hints.txt = Debug-Hints.txt
		TortoiseShell\Documentation.h = TortoiseShell\Documentation.h
		..\doc\issuetrackers.txt = ..\doc\issuetrackers.txt
		version.in = version.in
	EndProjectSection
EndProject
Project("{2150E333-8FDC-42A3-9474-1A3956D46DE8}") = "Utilities", "Utilities", "{2F7F71AF-C973-4132-B8F3-D9A11A1D9EE0}"
EndProject
Project("{8BC9CEB8-8B4A-11D0-8D11-00A0C91BC942}") = "TortoiseMergeLang", "TortoiseMerge\TortoiseMergeLang.vcproj", "{1B3C273E-6DDF-4FBE-BA31-FCF39C6DBCF9}"
	ProjectSection(ProjectDependencies) = postProject
		{72EFB681-1397-4193-BBF9-CA05AC52B75D} = {72EFB681-1397-4193-BBF9-CA05AC52B75D}
	EndProjectSection
EndProject
Project("{8BC9CEB8-8B4A-11D0-8D11-00A0C91BC942}") = "TortoiseProcLang", "TortoiseProc\TortoiseProcLang.vcproj", "{1B3C273E-6DDF-4FBE-BA31-F9F39C6DAC99}"
	ProjectSection(ProjectDependencies) = postProject
		{72EFB681-1397-4193-BBF9-CA05AC52B75D} = {72EFB681-1397-4193-BBF9-CA05AC52B75D}
	EndProjectSection
EndProject
Project("{A49CE20D-CE64-4A08-9F24-92A6443D6699}") = "WiXSetup", "TortoiseSVNSetup\WiXSetup.wixproj", "{E6749100-E168-457A-B680-BAADAF573D75}"
EndProject
Global
	GlobalSection(SolutionConfigurationPlatforms) = preSolution
		Debug|Win32 = Debug|Win32
		Debug|x64 = Debug|x64
		Release|Win32 = Release|Win32
		Release|x64 = Release|x64
	EndGlobalSection
	GlobalSection(ProjectConfigurationPlatforms) = postSolution
		{E873DD32-5A31-4DE1-8341-A56A2A5489EA}.Debug|Win32.ActiveCfg = Debug|Win32
		{E873DD32-5A31-4DE1-8341-A56A2A5489EA}.Debug|Win32.Build.0 = Debug|Win32
		{E873DD32-5A31-4DE1-8341-A56A2A5489EA}.Debug|x64.ActiveCfg = Debug|x64
		{E873DD32-5A31-4DE1-8341-A56A2A5489EA}.Debug|x64.Build.0 = Debug|x64
		{E873DD32-5A31-4DE1-8341-A56A2A5489EA}.Release|Win32.ActiveCfg = Release|Win32
		{E873DD32-5A31-4DE1-8341-A56A2A5489EA}.Release|Win32.Build.0 = Release|Win32
		{E873DD32-5A31-4DE1-8341-A56A2A5489EA}.Release|x64.ActiveCfg = Release|x64
		{E873DD32-5A31-4DE1-8341-A56A2A5489EA}.Release|x64.Build.0 = Release|x64
		{50797F06-39C5-4802-8E2B-7B7A4EF03214}.Debug|Win32.ActiveCfg = Debug|Win32
		{50797F06-39C5-4802-8E2B-7B7A4EF03214}.Debug|Win32.Build.0 = Debug|Win32
		{50797F06-39C5-4802-8E2B-7B7A4EF03214}.Debug|x64.ActiveCfg = Debug|x64
		{50797F06-39C5-4802-8E2B-7B7A4EF03214}.Debug|x64.Build.0 = Debug|x64
		{50797F06-39C5-4802-8E2B-7B7A4EF03214}.Release|Win32.ActiveCfg = Release|Win32
		{50797F06-39C5-4802-8E2B-7B7A4EF03214}.Release|Win32.Build.0 = Release|Win32
		{50797F06-39C5-4802-8E2B-7B7A4EF03214}.Release|x64.ActiveCfg = Release|x64
		{50797F06-39C5-4802-8E2B-7B7A4EF03214}.Release|x64.Build.0 = Release|x64
		{13BC1836-2726-45C4-9249-5BA2BBBF8328}.Debug|Win32.ActiveCfg = Release|Win32
		{13BC1836-2726-45C4-9249-5BA2BBBF8328}.Debug|Win32.Build.0 = Release|Win32
		{13BC1836-2726-45C4-9249-5BA2BBBF8328}.Debug|x64.ActiveCfg = Release|Win32
		{13BC1836-2726-45C4-9249-5BA2BBBF8328}.Release|Win32.ActiveCfg = Release|Win32
		{13BC1836-2726-45C4-9249-5BA2BBBF8328}.Release|Win32.Build.0 = Release|Win32
		{13BC1836-2726-45C4-9249-5BA2BBBF8328}.Release|x64.ActiveCfg = Release|Win32
		{B439B09E-7390-4CEB-A1DD-745CF976F2BB}.Debug|Win32.ActiveCfg = Debug|Win32
		{B439B09E-7390-4CEB-A1DD-745CF976F2BB}.Debug|Win32.Build.0 = Debug|Win32
		{B439B09E-7390-4CEB-A1DD-745CF976F2BB}.Debug|x64.ActiveCfg = Debug|x64
		{B439B09E-7390-4CEB-A1DD-745CF976F2BB}.Debug|x64.Build.0 = Debug|x64
		{B439B09E-7390-4CEB-A1DD-745CF976F2BB}.Release|Win32.ActiveCfg = Release|Win32
		{B439B09E-7390-4CEB-A1DD-745CF976F2BB}.Release|Win32.Build.0 = Release|Win32
		{B439B09E-7390-4CEB-A1DD-745CF976F2BB}.Release|x64.ActiveCfg = Release|x64
		{B439B09E-7390-4CEB-A1DD-745CF976F2BB}.Release|x64.Build.0 = Release|x64
		{8ABB4F84-891A-4748-8507-F5494842173E}.Debug|Win32.ActiveCfg = Debug|Win32
		{8ABB4F84-891A-4748-8507-F5494842173E}.Debug|Win32.Build.0 = Debug|Win32
		{8ABB4F84-891A-4748-8507-F5494842173E}.Debug|x64.ActiveCfg = Debug|x64
		{8ABB4F84-891A-4748-8507-F5494842173E}.Debug|x64.Build.0 = Debug|x64
		{8ABB4F84-891A-4748-8507-F5494842173E}.Release|Win32.ActiveCfg = Release|Win32
		{8ABB4F84-891A-4748-8507-F5494842173E}.Release|Win32.Build.0 = Release|Win32
		{8ABB4F84-891A-4748-8507-F5494842173E}.Release|x64.ActiveCfg = Release|x64
		{8ABB4F84-891A-4748-8507-F5494842173E}.Release|x64.Build.0 = Release|x64
		{1F29DBDD-7DFF-4178-98F0-9137636788BC}.Debug|Win32.ActiveCfg = Debug|Win32
		{1F29DBDD-7DFF-4178-98F0-9137636788BC}.Debug|Win32.Build.0 = Debug|Win32
		{1F29DBDD-7DFF-4178-98F0-9137636788BC}.Debug|x64.ActiveCfg = Debug|x64
		{1F29DBDD-7DFF-4178-98F0-9137636788BC}.Debug|x64.Build.0 = Debug|x64
		{1F29DBDD-7DFF-4178-98F0-9137636788BC}.Release|Win32.ActiveCfg = Release|Win32
		{1F29DBDD-7DFF-4178-98F0-9137636788BC}.Release|Win32.Build.0 = Release|Win32
		{1F29DBDD-7DFF-4178-98F0-9137636788BC}.Release|x64.ActiveCfg = Release|x64
		{1F29DBDD-7DFF-4178-98F0-9137636788BC}.Release|x64.Build.0 = Release|x64
		{4BE529FB-C2F2-49F7-A897-054B955564CF}.Debug|Win32.ActiveCfg = Debug|Win32
		{4BE529FB-C2F2-49F7-A897-054B955564CF}.Debug|Win32.Build.0 = Debug|Win32
		{4BE529FB-C2F2-49F7-A897-054B955564CF}.Debug|x64.ActiveCfg = Debug|x64
		{4BE529FB-C2F2-49F7-A897-054B955564CF}.Debug|x64.Build.0 = Debug|x64
		{4BE529FB-C2F2-49F7-A897-054B955564CF}.Release|Win32.ActiveCfg = Release|Win32
		{4BE529FB-C2F2-49F7-A897-054B955564CF}.Release|Win32.Build.0 = Release|Win32
		{4BE529FB-C2F2-49F7-A897-054B955564CF}.Release|x64.ActiveCfg = Release|x64
		{4BE529FB-C2F2-49F7-A897-054B955564CF}.Release|x64.Build.0 = Release|x64
		{72EFB681-1397-4193-BBF9-CA05AC52B75D}.Debug|Win32.ActiveCfg = Debug|Win32
		{72EFB681-1397-4193-BBF9-CA05AC52B75D}.Debug|Win32.Build.0 = Debug|Win32
		{72EFB681-1397-4193-BBF9-CA05AC52B75D}.Debug|x64.ActiveCfg = Debug|x64
		{72EFB681-1397-4193-BBF9-CA05AC52B75D}.Debug|x64.Build.0 = Debug|x64
		{72EFB681-1397-4193-BBF9-CA05AC52B75D}.Release|Win32.ActiveCfg = Release|Win32
		{72EFB681-1397-4193-BBF9-CA05AC52B75D}.Release|Win32.Build.0 = Release|Win32
		{72EFB681-1397-4193-BBF9-CA05AC52B75D}.Release|x64.ActiveCfg = Release|x64
		{72EFB681-1397-4193-BBF9-CA05AC52B75D}.Release|x64.Build.0 = Release|x64
		{4424F9D2-12EE-49A7-941E-45767900BEA3}.Debug|Win32.ActiveCfg = Debug|Win32
		{4424F9D2-12EE-49A7-941E-45767900BEA3}.Debug|Win32.Build.0 = Debug|Win32
		{4424F9D2-12EE-49A7-941E-45767900BEA3}.Debug|x64.ActiveCfg = Debug|x64
		{4424F9D2-12EE-49A7-941E-45767900BEA3}.Debug|x64.Build.0 = Debug|x64
		{4424F9D2-12EE-49A7-941E-45767900BEA3}.Release|Win32.ActiveCfg = Release|Win32
		{4424F9D2-12EE-49A7-941E-45767900BEA3}.Release|Win32.Build.0 = Release|Win32
		{4424F9D2-12EE-49A7-941E-45767900BEA3}.Release|x64.ActiveCfg = Release|x64
		{4424F9D2-12EE-49A7-941E-45767900BEA3}.Release|x64.Build.0 = Release|x64
		{A00D2EDC-B4F5-4B41-94BA-13961DE5D296}.Debug|Win32.ActiveCfg = Debug|Win32
		{A00D2EDC-B4F5-4B41-94BA-13961DE5D296}.Debug|Win32.Build.0 = Debug|Win32
		{A00D2EDC-B4F5-4B41-94BA-13961DE5D296}.Debug|x64.ActiveCfg = Debug|x64
		{A00D2EDC-B4F5-4B41-94BA-13961DE5D296}.Debug|x64.Build.0 = Debug|x64
		{A00D2EDC-B4F5-4B41-94BA-13961DE5D296}.Release|Win32.ActiveCfg = Release|Win32
		{A00D2EDC-B4F5-4B41-94BA-13961DE5D296}.Release|Win32.Build.0 = Release|Win32
		{A00D2EDC-B4F5-4B41-94BA-13961DE5D296}.Release|x64.ActiveCfg = Release|x64
		{A00D2EDC-B4F5-4B41-94BA-13961DE5D296}.Release|x64.Build.0 = Release|x64
		{454D5FCC-E25A-4B45-9CA2-01ABB0FA5181}.Debug|Win32.ActiveCfg = Release|Win32
		{454D5FCC-E25A-4B45-9CA2-01ABB0FA5181}.Debug|Win32.Build.0 = Release|Win32
		{454D5FCC-E25A-4B45-9CA2-01ABB0FA5181}.Debug|x64.ActiveCfg = Release|x64
		{454D5FCC-E25A-4B45-9CA2-01ABB0FA5181}.Debug|x64.Build.0 = Release|x64
		{454D5FCC-E25A-4B45-9CA2-01ABB0FA5181}.Release|Win32.ActiveCfg = Release|Win32
		{454D5FCC-E25A-4B45-9CA2-01ABB0FA5181}.Release|Win32.Build.0 = Release|Win32
		{454D5FCC-E25A-4B45-9CA2-01ABB0FA5181}.Release|x64.ActiveCfg = Release|x64
		{454D5FCC-E25A-4B45-9CA2-01ABB0FA5181}.Release|x64.Build.0 = Release|x64
		{1B3C273E-6DDF-4FBE-BA31-FCF39C6DBCF9}.Debug|Win32.ActiveCfg = Release|Win32
		{1B3C273E-6DDF-4FBE-BA31-FCF39C6DBCF9}.Debug|Win32.Build.0 = Release|Win32
		{1B3C273E-6DDF-4FBE-BA31-FCF39C6DBCF9}.Debug|x64.ActiveCfg = Release|x64
		{1B3C273E-6DDF-4FBE-BA31-FCF39C6DBCF9}.Debug|x64.Build.0 = Release|x64
		{1B3C273E-6DDF-4FBE-BA31-FCF39C6DBCF9}.Release|Win32.ActiveCfg = Release|Win32
		{1B3C273E-6DDF-4FBE-BA31-FCF39C6DBCF9}.Release|Win32.Build.0 = Release|Win32
		{1B3C273E-6DDF-4FBE-BA31-FCF39C6DBCF9}.Release|x64.ActiveCfg = Release|x64
		{1B3C273E-6DDF-4FBE-BA31-FCF39C6DBCF9}.Release|x64.Build.0 = Release|x64
		{1B3C273E-6DDF-4FBE-BA31-F9F39C6DAC99}.Debug|Win32.ActiveCfg = Release|Win32
		{1B3C273E-6DDF-4FBE-BA31-F9F39C6DAC99}.Debug|Win32.Build.0 = Release|Win32
		{1B3C273E-6DDF-4FBE-BA31-F9F39C6DAC99}.Debug|x64.ActiveCfg = Release|x64
		{1B3C273E-6DDF-4FBE-BA31-F9F39C6DAC99}.Debug|x64.Build.0 = Release|x64
		{1B3C273E-6DDF-4FBE-BA31-F9F39C6DAC99}.Release|Win32.ActiveCfg = Release|Win32
		{1B3C273E-6DDF-4FBE-BA31-F9F39C6DAC99}.Release|Win32.Build.0 = Release|Win32
		{1B3C273E-6DDF-4FBE-BA31-F9F39C6DAC99}.Release|x64.ActiveCfg = Release|x64
		{1B3C273E-6DDF-4FBE-BA31-F9F39C6DAC99}.Release|x64.Build.0 = Release|x64
		{E6749100-E168-457A-B680-BAADAF573D75}.Debug|Win32.ActiveCfg = Debug
		{E6749100-E168-457A-B680-BAADAF573D75}.Debug|x64.ActiveCfg = Debug
		{E6749100-E168-457A-B680-BAADAF573D75}.Release|Win32.ActiveCfg = Release
		{E6749100-E168-457A-B680-BAADAF573D75}.Release|x64.ActiveCfg = Release
		{E6749100-E168-457A-B680-BAADAF573D75}.Release|x64.Build.0 = Release
	EndGlobalSection
	GlobalSection(SolutionProperties) = preSolution
		HideSolutionNode = FALSE
	EndGlobalSection
	GlobalSection(NestedProjects) = preSolution
		{B439B09E-7390-4CEB-A1DD-745CF976F2BB} = {2F7F71AF-C973-4132-B8F3-D9A11A1D9EE0}
		{1F29DBDD-7DFF-4178-98F0-9137636788BC} = {2F7F71AF-C973-4132-B8F3-D9A11A1D9EE0}
		{4BE529FB-C2F2-49F7-A897-054B955564CF} = {2F7F71AF-C973-4132-B8F3-D9A11A1D9EE0}
		{72EFB681-1397-4193-BBF9-CA05AC52B75D} = {2F7F71AF-C973-4132-B8F3-D9A11A1D9EE0}
		{454D5FCC-E25A-4B45-9CA2-01ABB0FA5181} = {2F7F71AF-C973-4132-B8F3-D9A11A1D9EE0}
		{13BC1836-2726-45C4-9249-5BA2BBBF8328} = {2F7F71AF-C973-4132-B8F3-D9A11A1D9EE0}
		{E6749100-E168-457A-B680-BAADAF573D75} = {2F7F71AF-C973-4132-B8F3-D9A11A1D9EE0}
	EndGlobalSection
EndGlobal
