Microsoft Visual Studio Solution File, Format Version 8.00
Project("{8BC9CEB8-8B4A-11D0-8D11-00A0C91BC942}") = "TortoiseShell", "TortoiseShell\TortoiseShell.vcproj", "{E873DD32-5A31-4DE1-8341-A56A2A5489EA}"
	ProjectSection(ProjectDependencies) = postProject
		{1F29DBDD-7DFF-4178-98F0-9137636788BC} = {1F29DBDD-7DFF-4178-98F0-9137636788BC}
	EndProjectSection
EndProject
Project("{54435603-DBB4-11D2-8724-00A0C9A8B90C}") = "TortoiseSVNSetup", "TortoiseSVNSetup\TortoiseSVNSetup.vdproj", "{0A61C9C2-F1D5-475A-90AD-220B85817676}"
	ProjectSection(ProjectDependencies) = postProject
		{50797F06-39C5-4802-8E2B-7B7A4EF03214} = {50797F06-39C5-4802-8E2B-7B7A4EF03214}
		{50797F06-39C5-4802-8E2B-7B7A4EF03214} = {50797F06-39C5-4802-8E2B-7B7A4EF03214}
		{50797F06-39C5-4802-8E2B-7B7A4EF03214} = {50797F06-39C5-4802-8E2B-7B7A4EF03214}
		{50797F06-39C5-4802-8E2B-7B7A4EF03214} = {50797F06-39C5-4802-8E2B-7B7A4EF03214}
		{50797F06-39C5-4802-8E2B-7B7A4EF03214} = {50797F06-39C5-4802-8E2B-7B7A4EF03214}
		{50797F06-39C5-4802-8E2B-7B7A4EF03214} = {50797F06-39C5-4802-8E2B-7B7A4EF03214}
		{50797F06-39C5-4802-8E2B-7B7A4EF03214} = {50797F06-39C5-4802-8E2B-7B7A4EF03214}
		{50797F06-39C5-4802-8E2B-7B7A4EF03214} = {50797F06-39C5-4802-8E2B-7B7A4EF03214}
		{50797F06-39C5-4802-8E2B-7B7A4EF03214} = {50797F06-39C5-4802-8E2B-7B7A4EF03214}
		{E873DD32-5A31-4DE1-8341-A56A2A5489EA} = {E873DD32-5A31-4DE1-8341-A56A2A5489EA}
		{E873DD32-5A31-4DE1-8341-A56A2A5489EA} = {E873DD32-5A31-4DE1-8341-A56A2A5489EA}
		{E873DD32-5A31-4DE1-8341-A56A2A5489EA} = {E873DD32-5A31-4DE1-8341-A56A2A5489EA}
		{E873DD32-5A31-4DE1-8341-A56A2A5489EA} = {E873DD32-5A31-4DE1-8341-A56A2A5489EA}
		{E873DD32-5A31-4DE1-8341-A56A2A5489EA} = {E873DD32-5A31-4DE1-8341-A56A2A5489EA}
		{E873DD32-5A31-4DE1-8341-A56A2A5489EA} = {E873DD32-5A31-4DE1-8341-A56A2A5489EA}
		{E873DD32-5A31-4DE1-8341-A56A2A5489EA} = {E873DD32-5A31-4DE1-8341-A56A2A5489EA}
		{E873DD32-5A31-4DE1-8341-A56A2A5489EA} = {E873DD32-5A31-4DE1-8341-A56A2A5489EA}
		{E873DD32-5A31-4DE1-8341-A56A2A5489EA} = {E873DD32-5A31-4DE1-8341-A56A2A5489EA}
	EndProjectSection
EndProject
Project("{8BC9CEB8-8B4A-11D0-8D11-00A0C91BC942}") = "TortoiseProc", "TortoiseProc\TortoiseProc.vcproj", "{50797F06-39C5-4802-8E2B-7B7A4EF03214}"
	ProjectSection(ProjectDependencies) = postProject
		{1F29DBDD-7DFF-4178-98F0-9137636788BC} = {1F29DBDD-7DFF-4178-98F0-9137636788BC}
		{4BE529FB-C2F2-49F7-A897-054B955564CF} = {4BE529FB-C2F2-49F7-A897-054B955564CF}
	EndProjectSection
EndProject
Project("{8BC9CEB8-8B4A-11D0-8D11-00A0C91BC942}") = "ResizableLib", "ResizableLib\ResizableLib.vcproj", "{4BE529FB-C2F2-49F7-A897-054B955564CF}"
	ProjectSection(ProjectDependencies) = postProject
	EndProjectSection
EndProject
Project("{8BC9CEB8-8B4A-11D0-8D11-00A0C91BC942}") = "CrashRpt", "crashrpt\CrashRpt.vcproj", "{13BC1836-2726-45C4-9249-5BA2BBBF8328}"
	ProjectSection(ProjectDependencies) = postProject
	EndProjectSection
EndProject
Project("{8BC9CEB8-8B4A-11D0-8D11-00A0C91BC942}") = "TortoisePlink", "TortoisePlink\TortoisePlink.vcproj", "{B439B09E-7390-4CEB-A1DD-745CF976F2BB}"
	ProjectSection(ProjectDependencies) = postProject
	EndProjectSection
EndProject
Project("{8BC9CEB8-8B4A-11D0-8D11-00A0C91BC942}") = "TortoiseMerge", "TortoiseMerge\TortoiseMerge.vcproj", "{8ABB4F84-891A-4748-8507-F5494842173E}"
	ProjectSection(ProjectDependencies) = postProject
		{1F29DBDD-7DFF-4178-98F0-9137636788BC} = {1F29DBDD-7DFF-4178-98F0-9137636788BC}
	EndProjectSection
EndProject
Project("{8BC9CEB8-8B4A-11D0-8D11-00A0C91BC942}") = "TortoiseProcLang", "TortoiseLang\TortoiseProcLang.vcproj", "{1B3C273E-6DDF-4FBE-BA31-F9F39C6DAC99}"
	ProjectSection(ProjectDependencies) = postProject
		{1F29DBDD-7DFF-4178-98F0-9137636788BC} = {1F29DBDD-7DFF-4178-98F0-9137636788BC}
	EndProjectSection
EndProject
Project("{8BC9CEB8-8B4A-11D0-8D11-00A0C91BC942}") = "TortoiseMergeLang", "TortoiseLang\TortoiseMergeLang.vcproj", "{1B3C273E-6DDF-4FBE-BA31-FCF39C6DBCF9}"
	ProjectSection(ProjectDependencies) = postProject
		{1F29DBDD-7DFF-4178-98F0-9137636788BC} = {1F29DBDD-7DFF-4178-98F0-9137636788BC}
	EndProjectSection
EndProject
Project("{8BC9CEB8-8B4A-11D0-8D11-00A0C91BC942}") = "SubWCRev", "SubWCRev\SubWCRev.vcproj", "{1F29DBDD-7DFF-4178-98F0-9137636788BC}"
	ProjectSection(ProjectDependencies) = postProject
	EndProjectSection
EndProject
Global
	GlobalSection(SolutionConfiguration) = preSolution
		Debug = Debug
		Release = Release
		Release_MBCS = Release_MBCS
	EndGlobalSection
	GlobalSection(ProjectConfiguration) = postSolution
		{E873DD32-5A31-4DE1-8341-A56A2A5489EA}.Debug.ActiveCfg = Debug|Win32
		{E873DD32-5A31-4DE1-8341-A56A2A5489EA}.Debug.Build.0 = Debug|Win32
		{E873DD32-5A31-4DE1-8341-A56A2A5489EA}.Release.ActiveCfg = Release|Win32
		{E873DD32-5A31-4DE1-8341-A56A2A5489EA}.Release.Build.0 = Release|Win32
		{E873DD32-5A31-4DE1-8341-A56A2A5489EA}.Release_MBCS.ActiveCfg = Release_MBCS|Win32
		{E873DD32-5A31-4DE1-8341-A56A2A5489EA}.Release_MBCS.Build.0 = Release_MBCS|Win32
		{0A61C9C2-F1D5-475A-90AD-220B85817676}.Debug.ActiveCfg = Release_MBCS
		{0A61C9C2-F1D5-475A-90AD-220B85817676}.Release.ActiveCfg = Release
		{0A61C9C2-F1D5-475A-90AD-220B85817676}.Release_MBCS.ActiveCfg = Release_MBCS
		{50797F06-39C5-4802-8E2B-7B7A4EF03214}.Debug.ActiveCfg = Debug|Win32
		{50797F06-39C5-4802-8E2B-7B7A4EF03214}.Debug.Build.0 = Debug|Win32
		{50797F06-39C5-4802-8E2B-7B7A4EF03214}.Release.ActiveCfg = Release|Win32
		{50797F06-39C5-4802-8E2B-7B7A4EF03214}.Release.Build.0 = Release|Win32
		{50797F06-39C5-4802-8E2B-7B7A4EF03214}.Release_MBCS.ActiveCfg = Release_MBCS|Win32
		{50797F06-39C5-4802-8E2B-7B7A4EF03214}.Release_MBCS.Build.0 = Release_MBCS|Win32
		{4BE529FB-C2F2-49F7-A897-054B955564CF}.Debug.ActiveCfg = Debug|Win32
		{4BE529FB-C2F2-49F7-A897-054B955564CF}.Debug.Build.0 = Debug|Win32
		{4BE529FB-C2F2-49F7-A897-054B955564CF}.Release.ActiveCfg = Release|Win32
		{4BE529FB-C2F2-49F7-A897-054B955564CF}.Release.Build.0 = Release|Win32
		{4BE529FB-C2F2-49F7-A897-054B955564CF}.Release_MBCS.ActiveCfg = Release_MBCS|Win32
		{4BE529FB-C2F2-49F7-A897-054B955564CF}.Release_MBCS.Build.0 = Release_MBCS|Win32
		{13BC1836-2726-45C4-9249-5BA2BBBF8328}.Debug.ActiveCfg = Release|Win32
		{13BC1836-2726-45C4-9249-5BA2BBBF8328}.Debug.Build.0 = Release|Win32
		{13BC1836-2726-45C4-9249-5BA2BBBF8328}.Release.ActiveCfg = Release|Win32
		{13BC1836-2726-45C4-9249-5BA2BBBF8328}.Release.Build.0 = Release|Win32
		{13BC1836-2726-45C4-9249-5BA2BBBF8328}.Release_MBCS.ActiveCfg = Release|Win32
		{13BC1836-2726-45C4-9249-5BA2BBBF8328}.Release_MBCS.Build.0 = Release|Win32
		{B439B09E-7390-4CEB-A1DD-745CF976F2BB}.Debug.ActiveCfg = Debug|Win32
		{B439B09E-7390-4CEB-A1DD-745CF976F2BB}.Debug.Build.0 = Debug|Win32
		{B439B09E-7390-4CEB-A1DD-745CF976F2BB}.Release.ActiveCfg = Release|Win32
		{B439B09E-7390-4CEB-A1DD-745CF976F2BB}.Release.Build.0 = Release|Win32
		{B439B09E-7390-4CEB-A1DD-745CF976F2BB}.Release_MBCS.ActiveCfg = Release_MBCS|Win32
		{B439B09E-7390-4CEB-A1DD-745CF976F2BB}.Release_MBCS.Build.0 = Release_MBCS|Win32
		{8ABB4F84-891A-4748-8507-F5494842173E}.Debug.ActiveCfg = Debug|Win32
		{8ABB4F84-891A-4748-8507-F5494842173E}.Debug.Build.0 = Debug|Win32
		{8ABB4F84-891A-4748-8507-F5494842173E}.Release.ActiveCfg = Release|Win32
		{8ABB4F84-891A-4748-8507-F5494842173E}.Release.Build.0 = Release|Win32
		{8ABB4F84-891A-4748-8507-F5494842173E}.Release_MBCS.ActiveCfg = Release|Win32
		{8ABB4F84-891A-4748-8507-F5494842173E}.Release_MBCS.Build.0 = Release|Win32
		{1B3C273E-6DDF-4FBE-BA31-F9F39C6DAC99}.Debug.ActiveCfg = Debug|Win32
		{1B3C273E-6DDF-4FBE-BA31-F9F39C6DAC99}.Debug.Build.0 = Debug|Win32
		{1B3C273E-6DDF-4FBE-BA31-F9F39C6DAC99}.Release.ActiveCfg = Release|Win32
		{1B3C273E-6DDF-4FBE-BA31-F9F39C6DAC99}.Release.Build.0 = Release|Win32
		{1B3C273E-6DDF-4FBE-BA31-F9F39C6DAC99}.Release_MBCS.ActiveCfg = Release_MBCS|Win32
		{1B3C273E-6DDF-4FBE-BA31-F9F39C6DAC99}.Release_MBCS.Build.0 = Release_MBCS|Win32
		{1B3C273E-6DDF-4FBE-BA31-FCF39C6DBCF9}.Debug.ActiveCfg = Debug|Win32
		{1B3C273E-6DDF-4FBE-BA31-FCF39C6DBCF9}.Debug.Build.0 = Debug|Win32
		{1B3C273E-6DDF-4FBE-BA31-FCF39C6DBCF9}.Release.ActiveCfg = Release|Win32
		{1B3C273E-6DDF-4FBE-BA31-FCF39C6DBCF9}.Release.Build.0 = Release|Win32
		{1B3C273E-6DDF-4FBE-BA31-FCF39C6DBCF9}.Release_MBCS.ActiveCfg = Release_MBCS|Win32
		{1B3C273E-6DDF-4FBE-BA31-FCF39C6DBCF9}.Release_MBCS.Build.0 = Release_MBCS|Win32
		{1F29DBDD-7DFF-4178-98F0-9137636788BC}.Debug.ActiveCfg = Debug|Win32
		{1F29DBDD-7DFF-4178-98F0-9137636788BC}.Debug.Build.0 = Debug|Win32
		{1F29DBDD-7DFF-4178-98F0-9137636788BC}.Release.ActiveCfg = Release|Win32
		{1F29DBDD-7DFF-4178-98F0-9137636788BC}.Release.Build.0 = Release|Win32
		{1F29DBDD-7DFF-4178-98F0-9137636788BC}.Release_MBCS.ActiveCfg = Release|Win32
		{1F29DBDD-7DFF-4178-98F0-9137636788BC}.Release_MBCS.Build.0 = Release|Win32
	EndGlobalSection
	GlobalSection(SolutionItems) = postSolution
		build.txt = build.txt
		Changelog.txt = Changelog.txt
		Debug-Hints.txt = Debug-Hints.txt
		TortoiseShell\Documentation.h = TortoiseShell\Documentation.h
		README.txt = README.txt
		Release-instructions.txt = Release-instructions.txt
		TODO.txt = TODO.txt
		translations.txt = translations.txt
		version.in = version.in
	EndGlobalSection
	GlobalSection(ExtensibilityGlobals) = postSolution
	EndGlobalSection
	GlobalSection(ExtensibilityAddIns) = postSolution
	EndGlobalSection
EndGlobal
