Microsoft Visual Studio Solution File, Format Version 8.00
Project("{8BC9CEB8-8B4A-11D0-8D11-00A0C91BC942}") = "libintl", "libintl.vcproj", "{220DDFC1-4E39-4D75-9A10-AB2F506FB685}"
	ProjectSection(ProjectDependencies) = postProject
	EndProjectSection
EndProject
Global
	GlobalSection(SolutionConfiguration) = preSolution
		Debug = Debug
		Release = Release
	EndGlobalSection
	GlobalSection(ProjectConfiguration) = postSolution
		{220DDFC1-4E39-4D75-9A10-AB2F506FB685}.Debug.ActiveCfg = Debug|Win32
		{220DDFC1-4E39-4D75-9A10-AB2F506FB685}.Debug.Build.0 = Debug|Win32
		{220DDFC1-4E39-4D75-9A10-AB2F506FB685}.Release.ActiveCfg = Release|Win32
		{220DDFC1-4E39-4D75-9A10-AB2F506FB685}.Release.Build.0 = Release|Win32
	EndGlobalSection
	GlobalSection(ExtensibilityGlobals) = postSolution
	EndGlobalSection
	GlobalSection(ExtensibilityAddIns) = postSolution
	EndGlobalSection
EndGlobal
